// !$*UTF8*$!
{
	archiveVersion = 1;
	classes = {
	};
	objectVersion = 50;
	objects = {

/* Begin PBXBuildFile section */
		9403C33D2253C935002D86C5 /* DataServiceTask.swift in Sources */ = {isa = PBXBuildFile; fileRef = 9403C33C2253C935002D86C5 /* DataServiceTask.swift */; };
		9403C3442253E006002D86C5 /* Pets.storyboard in Resources */ = {isa = PBXBuildFile; fileRef = 9403C3402253E006002D86C5 /* Pets.storyboard */; };
		9403C3452253E006002D86C5 /* PetInfoViewController.swift in Sources */ = {isa = PBXBuildFile; fileRef = 9403C3412253E006002D86C5 /* PetInfoViewController.swift */; };
		9403C3462253E006002D86C5 /* PetsViewController.swift in Sources */ = {isa = PBXBuildFile; fileRef = 9403C3422253E006002D86C5 /* PetsViewController.swift */; };
		9403C3472253E006002D86C5 /* PetInfo.storyboard in Resources */ = {isa = PBXBuildFile; fileRef = 9403C3432253E006002D86C5 /* PetInfo.storyboard */; };
		9420BC4F22544113002801C1 /* Breeds.swift in Sources */ = {isa = PBXBuildFile; fileRef = 9420BC4E22544113002801C1 /* Breeds.swift */; };
		9420BC512254FDFF002801C1 /* Actions.swift in Sources */ = {isa = PBXBuildFile; fileRef = 9420BC502254FDFF002801C1 /* Actions.swift */; };
		9420BC5322551EAD002801C1 /* TaskBuilders.swift in Sources */ = {isa = PBXBuildFile; fileRef = 9420BC5222551EAD002801C1 /* TaskBuilders.swift */; };
		9420BC552255390F002801C1 /* AppNavigator.swift in Sources */ = {isa = PBXBuildFile; fileRef = 9420BC542255390F002801C1 /* AppNavigator.swift */; };
		9420BE8722554E41002801C1 /* PetOwnerModel.swift in Sources */ = {isa = PBXBuildFile; fileRef = 9420BE8622554E40002801C1 /* PetOwnerModel.swift */; };
		9420BE8E22556EE0002801C1 /* PetOwnerInfo.storyboard in Resources */ = {isa = PBXBuildFile; fileRef = 9420BE8A22556EDF002801C1 /* PetOwnerInfo.storyboard */; };
		9420BE9022556EE0002801C1 /* PetOwnerInfoViewController.swift in Sources */ = {isa = PBXBuildFile; fileRef = 9420BE8C22556EDF002801C1 /* PetOwnerInfoViewController.swift */; };
		949B753522569F0B004056C7 /* Reachability.swift in Sources */ = {isa = PBXBuildFile; fileRef = 949B751822569F0B004056C7 /* Reachability.swift */; };
		949B753622569F0B004056C7 /* RestHelper.swift in Sources */ = {isa = PBXBuildFile; fileRef = 949B751922569F0B004056C7 /* RestHelper.swift */; };
		949B753722569F0B004056C7 /* RestPath.swift in Sources */ = {isa = PBXBuildFile; fileRef = 949B751A22569F0B004056C7 /* RestPath.swift */; };
		949B753822569F0B004056C7 /* NetworkError.swift in Sources */ = {isa = PBXBuildFile; fileRef = 949B751B22569F0B004056C7 /* NetworkError.swift */; };
		949B753922569F0B004056C7 /* Int+Extensions.swift in Sources */ = {isa = PBXBuildFile; fileRef = 949B751D22569F0B004056C7 /* Int+Extensions.swift */; };
		949B753A22569F0B004056C7 /* UIViewController+extensions.swift in Sources */ = {isa = PBXBuildFile; fileRef = 949B751E22569F0B004056C7 /* UIViewController+extensions.swift */; };
		949B753B22569F0B004056C7 /* ArrayExtensions.swift in Sources */ = {isa = PBXBuildFile; fileRef = 949B751F22569F0B004056C7 /* ArrayExtensions.swift */; };
		949B753C22569F0B004056C7 /* UIView+extensions.swift in Sources */ = {isa = PBXBuildFile; fileRef = 949B752022569F0B004056C7 /* UIView+extensions.swift */; };
		949B753D22569F0B004056C7 /* Result+Extensions.swift in Sources */ = {isa = PBXBuildFile; fileRef = 949B752122569F0B004056C7 /* Result+Extensions.swift */; };
		949B753E22569F0B004056C7 /* Encodable+Extensions.swift in Sources */ = {isa = PBXBuildFile; fileRef = 949B752222569F0B004056C7 /* Encodable+Extensions.swift */; };
		949B753F22569F0B004056C7 /* UINavigationController+extensions.swift in Sources */ = {isa = PBXBuildFile; fileRef = 949B752322569F0B004056C7 /* UINavigationController+extensions.swift */; };
		949B754022569F0B004056C7 /* URL+Extensions.swift in Sources */ = {isa = PBXBuildFile; fileRef = 949B752422569F0B004056C7 /* URL+Extensions.swift */; };
		949B754122569F0B004056C7 /* Date+Extensions.swift in Sources */ = {isa = PBXBuildFile; fileRef = 949B752522569F0B004056C7 /* Date+Extensions.swift */; };
		949B754222569F0B004056C7 /* CGRect+extensions.swift in Sources */ = {isa = PBXBuildFile; fileRef = 949B752622569F0B004056C7 /* CGRect+extensions.swift */; };
		949B754322569F0B004056C7 /* Data+Extensions.swift in Sources */ = {isa = PBXBuildFile; fileRef = 949B752722569F0B004056C7 /* Data+Extensions.swift */; };
		949B754422569F0B004056C7 /* LoadingPresenter.swift in Sources */ = {isa = PBXBuildFile; fileRef = 949B752A22569F0B004056C7 /* LoadingPresenter.swift */; };
		949B754522569F0B004056C7 /* loading.gif in Resources */ = {isa = PBXBuildFile; fileRef = 949B752B22569F0B004056C7 /* loading.gif */; };
		949B754622569F0B004056C7 /* Loading.storyboard in Resources */ = {isa = PBXBuildFile; fileRef = 949B752C22569F0B004056C7 /* Loading.storyboard */; };
		949B754722569F0B004056C7 /* ModalAlert.storyboard in Resources */ = {isa = PBXBuildFile; fileRef = 949B752D22569F0B004056C7 /* ModalAlert.storyboard */; };
		949B754822569F0B004056C7 /* ModalAlertViewController.swift in Sources */ = {isa = PBXBuildFile; fileRef = 949B752E22569F0B004056C7 /* ModalAlertViewController.swift */; };
		949B754922569F0B004056C7 /* PopoverViewController.swift in Sources */ = {isa = PBXBuildFile; fileRef = 949B752F22569F0B004056C7 /* PopoverViewController.swift */; };
		949B754A22569F0B004056C7 /* TableViewDelegate.swift in Sources */ = {isa = PBXBuildFile; fileRef = 949B753122569F0B004056C7 /* TableViewDelegate.swift */; };
		949B754B22569F0B004056C7 /* ImageEmitterView.swift in Sources */ = {isa = PBXBuildFile; fileRef = 949B753222569F0B004056C7 /* ImageEmitterView.swift */; };
		949B754C22569F0B004056C7 /* ImageEmitterView.xcassets in Resources */ = {isa = PBXBuildFile; fileRef = 949B753322569F0B004056C7 /* ImageEmitterView.xcassets */; };
		949B754D22569F0B004056C7 /* Navigator.swift in Sources */ = {isa = PBXBuildFile; fileRef = 949B753422569F0B004056C7 /* Navigator.swift */; };
		94D082812257EC34006E87B9 /* Search.storyboard in Resources */ = {isa = PBXBuildFile; fileRef = 94D0827F2257EC34006E87B9 /* Search.storyboard */; };
		94D082822257EC34006E87B9 /* SearchViewController.swift in Sources */ = {isa = PBXBuildFile; fileRef = 94D082802257EC34006E87B9 /* SearchViewController.swift */; };
		94E41D5222513199006BD06B /* LaunchScreen.storyboard in Resources */ = {isa = PBXBuildFile; fileRef = 94E41D4D22513199006BD06B /* LaunchScreen.storyboard */; };
		94E41D5322513199006BD06B /* Assets.xcassets in Resources */ = {isa = PBXBuildFile; fileRef = 94E41D4E22513199006BD06B /* Assets.xcassets */; };
		94E41D5522513199006BD06B /* AppDelegate.swift in Sources */ = {isa = PBXBuildFile; fileRef = 94E41D5122513199006BD06B /* AppDelegate.swift */; };
		94E41D88225136F9006BD06B /* AppCoordinator.swift in Sources */ = {isa = PBXBuildFile; fileRef = 94E41D80225136F8006BD06B /* AppCoordinator.swift */; };
		94E41D89225136F9006BD06B /* DataService.swift in Sources */ = {isa = PBXBuildFile; fileRef = 94E41D81225136F9006BD06B /* DataService.swift */; };
		94E41D8C225136F9006BD06B /* VetsViewController.swift in Sources */ = {isa = PBXBuildFile; fileRef = 94E41D86225136F9006BD06B /* VetsViewController.swift */; };
		94E41D8D225136F9006BD06B /* Vets.storyboard in Resources */ = {isa = PBXBuildFile; fileRef = 94E41D87225136F9006BD06B /* Vets.storyboard */; };
		94E41D8F22513786006BD06B /* PetService.swift in Sources */ = {isa = PBXBuildFile; fileRef = 94E41D8E22513786006BD06B /* PetService.swift */; };
		94E41D932251383A006BD06B /* PetModel.swift in Sources */ = {isa = PBXBuildFile; fileRef = 94E41D912251383A006BD06B /* PetModel.swift */; };
		94E41D942251383A006BD06B /* VetModel.swift in Sources */ = {isa = PBXBuildFile; fileRef = 94E41D922251383A006BD06B /* VetModel.swift */; };
		94E41D9622513C58006BD06B /* VetInfoViewController.swift in Sources */ = {isa = PBXBuildFile; fileRef = 94E41D9522513C58006BD06B /* VetInfoViewController.swift */; };
		94E41D9822513C65006BD06B /* VetInfo.storyboard in Resources */ = {isa = PBXBuildFile; fileRef = 94E41D9722513C65006BD06B /* VetInfo.storyboard */; };
/* End PBXBuildFile section */

/* Begin PBXFileReference section */
		9403C33C2253C935002D86C5 /* DataServiceTask.swift */ = {isa = PBXFileReference; lastKnownFileType = sourcecode.swift; path = DataServiceTask.swift; sourceTree = "<group>"; };
		9403C3402253E006002D86C5 /* Pets.storyboard */ = {isa = PBXFileReference; fileEncoding = 4; lastKnownFileType = file.storyboard; path = Pets.storyboard; sourceTree = "<group>"; };
		9403C3412253E006002D86C5 /* PetInfoViewController.swift */ = {isa = PBXFileReference; fileEncoding = 4; lastKnownFileType = sourcecode.swift; path = PetInfoViewController.swift; sourceTree = "<group>"; };
		9403C3422253E006002D86C5 /* PetsViewController.swift */ = {isa = PBXFileReference; fileEncoding = 4; lastKnownFileType = sourcecode.swift; path = PetsViewController.swift; sourceTree = "<group>"; };
		9403C3432253E006002D86C5 /* PetInfo.storyboard */ = {isa = PBXFileReference; fileEncoding = 4; lastKnownFileType = file.storyboard; path = PetInfo.storyboard; sourceTree = "<group>"; };
		9420BC4E22544113002801C1 /* Breeds.swift */ = {isa = PBXFileReference; fileEncoding = 4; lastKnownFileType = sourcecode.swift; path = Breeds.swift; sourceTree = "<group>"; };
		9420BC502254FDFF002801C1 /* Actions.swift */ = {isa = PBXFileReference; lastKnownFileType = sourcecode.swift; path = Actions.swift; sourceTree = "<group>"; };
		9420BC5222551EAD002801C1 /* TaskBuilders.swift */ = {isa = PBXFileReference; lastKnownFileType = sourcecode.swift; path = TaskBuilders.swift; sourceTree = "<group>"; };
		9420BC542255390F002801C1 /* AppNavigator.swift */ = {isa = PBXFileReference; lastKnownFileType = sourcecode.swift; path = AppNavigator.swift; sourceTree = "<group>"; };
		9420BE8622554E40002801C1 /* PetOwnerModel.swift */ = {isa = PBXFileReference; fileEncoding = 4; lastKnownFileType = sourcecode.swift; path = PetOwnerModel.swift; sourceTree = "<group>"; };
		9420BE8A22556EDF002801C1 /* PetOwnerInfo.storyboard */ = {isa = PBXFileReference; fileEncoding = 4; lastKnownFileType = file.storyboard; path = PetOwnerInfo.storyboard; sourceTree = "<group>"; };
		9420BE8C22556EDF002801C1 /* PetOwnerInfoViewController.swift */ = {isa = PBXFileReference; fileEncoding = 4; lastKnownFileType = sourcecode.swift; path = PetOwnerInfoViewController.swift; sourceTree = "<group>"; };
		949B751822569F0B004056C7 /* Reachability.swift */ = {isa = PBXFileReference; fileEncoding = 4; lastKnownFileType = sourcecode.swift; path = Reachability.swift; sourceTree = "<group>"; };
		949B751922569F0B004056C7 /* RestHelper.swift */ = {isa = PBXFileReference; fileEncoding = 4; lastKnownFileType = sourcecode.swift; path = RestHelper.swift; sourceTree = "<group>"; };
		949B751A22569F0B004056C7 /* RestPath.swift */ = {isa = PBXFileReference; fileEncoding = 4; lastKnownFileType = sourcecode.swift; path = RestPath.swift; sourceTree = "<group>"; };
		949B751B22569F0B004056C7 /* NetworkError.swift */ = {isa = PBXFileReference; fileEncoding = 4; lastKnownFileType = sourcecode.swift; path = NetworkError.swift; sourceTree = "<group>"; };
		949B751D22569F0B004056C7 /* Int+Extensions.swift */ = {isa = PBXFileReference; fileEncoding = 4; lastKnownFileType = sourcecode.swift; path = "Int+Extensions.swift"; sourceTree = "<group>"; };
		949B751E22569F0B004056C7 /* UIViewController+extensions.swift */ = {isa = PBXFileReference; fileEncoding = 4; lastKnownFileType = sourcecode.swift; path = "UIViewController+extensions.swift"; sourceTree = "<group>"; };
		949B751F22569F0B004056C7 /* ArrayExtensions.swift */ = {isa = PBXFileReference; fileEncoding = 4; lastKnownFileType = sourcecode.swift; path = ArrayExtensions.swift; sourceTree = "<group>"; };
		949B752022569F0B004056C7 /* UIView+extensions.swift */ = {isa = PBXFileReference; fileEncoding = 4; lastKnownFileType = sourcecode.swift; path = "UIView+extensions.swift"; sourceTree = "<group>"; };
		949B752122569F0B004056C7 /* Result+Extensions.swift */ = {isa = PBXFileReference; fileEncoding = 4; lastKnownFileType = sourcecode.swift; path = "Result+Extensions.swift"; sourceTree = "<group>"; };
		949B752222569F0B004056C7 /* Encodable+Extensions.swift */ = {isa = PBXFileReference; fileEncoding = 4; lastKnownFileType = sourcecode.swift; path = "Encodable+Extensions.swift"; sourceTree = "<group>"; };
		949B752322569F0B004056C7 /* UINavigationController+extensions.swift */ = {isa = PBXFileReference; fileEncoding = 4; lastKnownFileType = sourcecode.swift; path = "UINavigationController+extensions.swift"; sourceTree = "<group>"; };
		949B752422569F0B004056C7 /* URL+Extensions.swift */ = {isa = PBXFileReference; fileEncoding = 4; lastKnownFileType = sourcecode.swift; path = "URL+Extensions.swift"; sourceTree = "<group>"; };
		949B752522569F0B004056C7 /* Date+Extensions.swift */ = {isa = PBXFileReference; fileEncoding = 4; lastKnownFileType = sourcecode.swift; path = "Date+Extensions.swift"; sourceTree = "<group>"; };
		949B752622569F0B004056C7 /* CGRect+extensions.swift */ = {isa = PBXFileReference; fileEncoding = 4; lastKnownFileType = sourcecode.swift; path = "CGRect+extensions.swift"; sourceTree = "<group>"; };
		949B752722569F0B004056C7 /* Data+Extensions.swift */ = {isa = PBXFileReference; fileEncoding = 4; lastKnownFileType = sourcecode.swift; path = "Data+Extensions.swift"; sourceTree = "<group>"; };
		949B752A22569F0B004056C7 /* LoadingPresenter.swift */ = {isa = PBXFileReference; fileEncoding = 4; lastKnownFileType = sourcecode.swift; path = LoadingPresenter.swift; sourceTree = "<group>"; };
		949B752B22569F0B004056C7 /* loading.gif */ = {isa = PBXFileReference; lastKnownFileType = image.gif; path = loading.gif; sourceTree = "<group>"; };
		949B752C22569F0B004056C7 /* Loading.storyboard */ = {isa = PBXFileReference; fileEncoding = 4; lastKnownFileType = file.storyboard; path = Loading.storyboard; sourceTree = "<group>"; };
		949B752D22569F0B004056C7 /* ModalAlert.storyboard */ = {isa = PBXFileReference; fileEncoding = 4; lastKnownFileType = file.storyboard; path = ModalAlert.storyboard; sourceTree = "<group>"; };
		949B752E22569F0B004056C7 /* ModalAlertViewController.swift */ = {isa = PBXFileReference; fileEncoding = 4; lastKnownFileType = sourcecode.swift; path = ModalAlertViewController.swift; sourceTree = "<group>"; };
		949B752F22569F0B004056C7 /* PopoverViewController.swift */ = {isa = PBXFileReference; fileEncoding = 4; lastKnownFileType = sourcecode.swift; path = PopoverViewController.swift; sourceTree = "<group>"; };
		949B753122569F0B004056C7 /* TableViewDelegate.swift */ = {isa = PBXFileReference; fileEncoding = 4; lastKnownFileType = sourcecode.swift; path = TableViewDelegate.swift; sourceTree = "<group>"; };
		949B753222569F0B004056C7 /* ImageEmitterView.swift */ = {isa = PBXFileReference; fileEncoding = 4; lastKnownFileType = sourcecode.swift; path = ImageEmitterView.swift; sourceTree = "<group>"; };
		949B753322569F0B004056C7 /* ImageEmitterView.xcassets */ = {isa = PBXFileReference; lastKnownFileType = folder.assetcatalog; path = ImageEmitterView.xcassets; sourceTree = "<group>"; };
		949B753422569F0B004056C7 /* Navigator.swift */ = {isa = PBXFileReference; fileEncoding = 4; lastKnownFileType = sourcecode.swift; path = Navigator.swift; sourceTree = "<group>"; };
		94D0827F2257EC34006E87B9 /* Search.storyboard */ = {isa = PBXFileReference; fileEncoding = 4; lastKnownFileType = file.storyboard; path = Search.storyboard; sourceTree = "<group>"; };
		94D082802257EC34006E87B9 /* SearchViewController.swift */ = {isa = PBXFileReference; fileEncoding = 4; lastKnownFileType = sourcecode.swift; path = SearchViewController.swift; sourceTree = "<group>"; };
		94E41D3722513110006BD06B /* Vets And Pets.app */ = {isa = PBXFileReference; explicitFileType = wrapper.application; includeInIndex = 0; path = "Vets And Pets.app"; sourceTree = BUILT_PRODUCTS_DIR; };
		94E41D4D22513199006BD06B /* LaunchScreen.storyboard */ = {isa = PBXFileReference; fileEncoding = 4; lastKnownFileType = file.storyboard; path = LaunchScreen.storyboard; sourceTree = "<group>"; };
		94E41D4E22513199006BD06B /* Assets.xcassets */ = {isa = PBXFileReference; lastKnownFileType = folder.assetcatalog; path = Assets.xcassets; sourceTree = "<group>"; };
		94E41D4F22513199006BD06B /* Info.plist */ = {isa = PBXFileReference; fileEncoding = 4; lastKnownFileType = text.plist.xml; path = Info.plist; sourceTree = "<group>"; };
		94E41D5122513199006BD06B /* AppDelegate.swift */ = {isa = PBXFileReference; fileEncoding = 4; lastKnownFileType = sourcecode.swift; path = AppDelegate.swift; sourceTree = "<group>"; };
		94E41D80225136F8006BD06B /* AppCoordinator.swift */ = {isa = PBXFileReference; fileEncoding = 4; lastKnownFileType = sourcecode.swift; path = AppCoordinator.swift; sourceTree = "<group>"; };
		94E41D81225136F9006BD06B /* DataService.swift */ = {isa = PBXFileReference; fileEncoding = 4; lastKnownFileType = sourcecode.swift; path = DataService.swift; sourceTree = "<group>"; };
		94E41D86225136F9006BD06B /* VetsViewController.swift */ = {isa = PBXFileReference; fileEncoding = 4; lastKnownFileType = sourcecode.swift; path = VetsViewController.swift; sourceTree = "<group>"; };
		94E41D87225136F9006BD06B /* Vets.storyboard */ = {isa = PBXFileReference; fileEncoding = 4; lastKnownFileType = file.storyboard; path = Vets.storyboard; sourceTree = "<group>"; };
		94E41D8E22513786006BD06B /* PetService.swift */ = {isa = PBXFileReference; lastKnownFileType = sourcecode.swift; path = PetService.swift; sourceTree = "<group>"; };
		94E41D912251383A006BD06B /* PetModel.swift */ = {isa = PBXFileReference; fileEncoding = 4; lastKnownFileType = sourcecode.swift; path = PetModel.swift; sourceTree = "<group>"; };
		94E41D922251383A006BD06B /* VetModel.swift */ = {isa = PBXFileReference; fileEncoding = 4; lastKnownFileType = sourcecode.swift; path = VetModel.swift; sourceTree = "<group>"; };
		94E41D9522513C58006BD06B /* VetInfoViewController.swift */ = {isa = PBXFileReference; lastKnownFileType = sourcecode.swift; path = VetInfoViewController.swift; sourceTree = "<group>"; };
		94E41D9722513C65006BD06B /* VetInfo.storyboard */ = {isa = PBXFileReference; lastKnownFileType = file.storyboard; path = VetInfo.storyboard; sourceTree = "<group>"; };
/* End PBXFileReference section */

/* Begin PBXFrameworksBuildPhase section */
		94E41D3422513110006BD06B /* Frameworks */ = {
			isa = PBXFrameworksBuildPhase;
			buildActionMask = 2147483647;
			files = (
			);
			runOnlyForDeploymentPostprocessing = 0;
		};
/* End PBXFrameworksBuildPhase section */

/* Begin PBXGroup section */
		9403C33E2253DFC3002D86C5 /* Vet */ = {
			isa = PBXGroup;
			children = (
				94E41D9722513C65006BD06B /* VetInfo.storyboard */,
				94E41D9522513C58006BD06B /* VetInfoViewController.swift */,
				94E41D87225136F9006BD06B /* Vets.storyboard */,
				94E41D86225136F9006BD06B /* VetsViewController.swift */,
			);
			path = Vet;
			sourceTree = "<group>";
		};
		9403C33F2253E006002D86C5 /* Pet */ = {
			isa = PBXGroup;
			children = (
				9403C3432253E006002D86C5 /* PetInfo.storyboard */,
				9403C3412253E006002D86C5 /* PetInfoViewController.swift */,
				9403C3402253E006002D86C5 /* Pets.storyboard */,
				9403C3422253E006002D86C5 /* PetsViewController.swift */,
			);
			path = Pet;
			sourceTree = "<group>";
		};
		9420BE8822556EDF002801C1 /* PetOwner */ = {
			isa = PBXGroup;
			children = (
				9420BE8A22556EDF002801C1 /* PetOwnerInfo.storyboard */,
				9420BE8C22556EDF002801C1 /* PetOwnerInfoViewController.swift */,
			);
			path = PetOwner;
			sourceTree = "<group>";
		};
		949B751622569F0B004056C7 /* SharedSource */ = {
			isa = PBXGroup;
			children = (
				949B751C22569F0B004056C7 /* Extensions */,
				949B753422569F0B004056C7 /* Navigator.swift */,
				949B751722569F0B004056C7 /* Network */,
				949B752F22569F0B004056C7 /* PopoverViewController.swift */,
				949B752822569F0B004056C7 /* ViewControllers */,
				949B753022569F0B004056C7 /* Views */,
			);
			name = SharedSource;
			path = sharedsource/SharedSource;
			sourceTree = "<group>";
		};
		949B751722569F0B004056C7 /* Network */ = {
			isa = PBXGroup;
			children = (
				949B751822569F0B004056C7 /* Reachability.swift */,
				949B751922569F0B004056C7 /* RestHelper.swift */,
				949B751A22569F0B004056C7 /* RestPath.swift */,
				949B751B22569F0B004056C7 /* NetworkError.swift */,
			);
			path = Network;
			sourceTree = "<group>";
		};
		949B751C22569F0B004056C7 /* Extensions */ = {
			isa = PBXGroup;
			children = (
				949B751F22569F0B004056C7 /* ArrayExtensions.swift */,
				949B752622569F0B004056C7 /* CGRect+extensions.swift */,
				949B752722569F0B004056C7 /* Data+Extensions.swift */,
				949B752522569F0B004056C7 /* Date+Extensions.swift */,
				949B752222569F0B004056C7 /* Encodable+Extensions.swift */,
				949B751D22569F0B004056C7 /* Int+Extensions.swift */,
				949B752122569F0B004056C7 /* Result+Extensions.swift */,
				949B752322569F0B004056C7 /* UINavigationController+extensions.swift */,
				949B752022569F0B004056C7 /* UIView+extensions.swift */,
				949B751E22569F0B004056C7 /* UIViewController+extensions.swift */,
				949B752422569F0B004056C7 /* URL+Extensions.swift */,
			);
			path = Extensions;
			sourceTree = "<group>";
		};
		949B752822569F0B004056C7 /* ViewControllers */ = {
			isa = PBXGroup;
			children = (
				949B752922569F0B004056C7 /* Loading */,
				949B752D22569F0B004056C7 /* ModalAlert.storyboard */,
				949B752E22569F0B004056C7 /* ModalAlertViewController.swift */,
				94D0827F2257EC34006E87B9 /* Search.storyboard */,
				94D082802257EC34006E87B9 /* SearchViewController.swift */,
			);
			path = ViewControllers;
			sourceTree = "<group>";
		};
		949B752922569F0B004056C7 /* Loading */ = {
			isa = PBXGroup;
			children = (
				949B752A22569F0B004056C7 /* LoadingPresenter.swift */,
				949B752B22569F0B004056C7 /* loading.gif */,
				949B752C22569F0B004056C7 /* Loading.storyboard */,
			);
			path = Loading;
			sourceTree = "<group>";
		};
		949B753022569F0B004056C7 /* Views */ = {
			isa = PBXGroup;
			children = (
				949B753122569F0B004056C7 /* TableViewDelegate.swift */,
				949B753222569F0B004056C7 /* ImageEmitterView.swift */,
				949B753322569F0B004056C7 /* ImageEmitterView.xcassets */,
			);
			path = Views;
			sourceTree = "<group>";
		};
		94E41D2E22513110006BD06B = {
			isa = PBXGroup;
			children = (
				949B751622569F0B004056C7 /* SharedSource */,
				94E41D3922513110006BD06B /* VetsAndPets */,
				94E41D3822513110006BD06B /* Products */,
			);
			sourceTree = "<group>";
		};
		94E41D3822513110006BD06B /* Products */ = {
			isa = PBXGroup;
			children = (
				94E41D3722513110006BD06B /* Vets And Pets.app */,
			);
			name = Products;
			sourceTree = "<group>";
		};
		94E41D3922513110006BD06B /* VetsAndPets */ = {
			isa = PBXGroup;
			children = (
				94E41D4C22513199006BD06B /* Project */,
				94E41D5022513199006BD06B /* Source */,
			);
			path = VetsAndPets;
			sourceTree = "<group>";
		};
		94E41D4C22513199006BD06B /* Project */ = {
			isa = PBXGroup;
			children = (
				94E41D4D22513199006BD06B /* LaunchScreen.storyboard */,
				94E41D4E22513199006BD06B /* Assets.xcassets */,
				94E41D4F22513199006BD06B /* Info.plist */,
			);
			path = Project;
			sourceTree = "<group>";
		};
		94E41D5022513199006BD06B /* Source */ = {
			isa = PBXGroup;
			children = (
				9420BC502254FDFF002801C1 /* Actions.swift */,
				94E41D80225136F8006BD06B /* AppCoordinator.swift */,
				94E41D5122513199006BD06B /* AppDelegate.swift */,
				9420BC542255390F002801C1 /* AppNavigator.swift */,
				94E41D81225136F9006BD06B /* DataService.swift */,
				9403C33C2253C935002D86C5 /* DataServiceTask.swift */,
				94E41D90225137B3006BD06B /* Models */,
				94E41D8E22513786006BD06B /* PetService.swift */,
				9420BC5222551EAD002801C1 /* TaskBuilders.swift */,
				94E41D82225136F9006BD06B /* ViewControllers */,
			);
			path = Source;
			sourceTree = "<group>";
		};
		94E41D82225136F9006BD06B /* ViewControllers */ = {
			isa = PBXGroup;
			children = (
				9403C33F2253E006002D86C5 /* Pet */,
				9420BE8822556EDF002801C1 /* PetOwner */,
				9403C33E2253DFC3002D86C5 /* Vet */,
			);
			path = ViewControllers;
			sourceTree = "<group>";
		};
		94E41D90225137B3006BD06B /* Models */ = {
			isa = PBXGroup;
			children = (
				9420BC4E22544113002801C1 /* Breeds.swift */,
				94E41D912251383A006BD06B /* PetModel.swift */,
				9420BE8622554E40002801C1 /* PetOwnerModel.swift */,
				94E41D922251383A006BD06B /* VetModel.swift */,
			);
			path = Models;
			sourceTree = "<group>";
		};
/* End PBXGroup section */

/* Begin PBXNativeTarget section */
		94E41D3622513110006BD06B /* Vets And Pets */ = {
			isa = PBXNativeTarget;
			buildConfigurationList = 94E41D4922513112006BD06B /* Build configuration list for PBXNativeTarget "Vets And Pets" */;
			buildPhases = (
				94E41D3322513110006BD06B /* Sources */,
				94E41D3422513110006BD06B /* Frameworks */,
				94E41D3522513110006BD06B /* Resources */,
			);
			buildRules = (
			);
			dependencies = (
			);
			name = "Vets And Pets";
			productName = PetForms;
			productReference = 94E41D3722513110006BD06B /* Vets And Pets.app */;
			productType = "com.apple.product-type.application";
		};
/* End PBXNativeTarget section */

/* Begin PBXProject section */
		94E41D2F22513110006BD06B /* Project object */ = {
			isa = PBXProject;
			attributes = {
				LastSwiftUpdateCheck = 1020;
				LastUpgradeCheck = 1020;
				ORGANIZATIONNAME = "Norman Basham";
				TargetAttributes = {
					94E41D3622513110006BD06B = {
						CreatedOnToolsVersion = 10.2;
					};
				};
			};
			buildConfigurationList = 94E41D3222513110006BD06B /* Build configuration list for PBXProject "Vets And Pets" */;
			compatibilityVersion = "Xcode 9.3";
			developmentRegion = en;
			hasScannedForEncodings = 0;
			knownRegions = (
				en,
				Base,
			);
			mainGroup = 94E41D2E22513110006BD06B;
			productRefGroup = 94E41D3822513110006BD06B /* Products */;
			projectDirPath = "";
			projectRoot = "";
			targets = (
				94E41D3622513110006BD06B /* Vets And Pets */,
			);
		};
/* End PBXProject section */

/* Begin PBXResourcesBuildPhase section */
		94E41D3522513110006BD06B /* Resources */ = {
			isa = PBXResourcesBuildPhase;
			buildActionMask = 2147483647;
			files = (
				949B754622569F0B004056C7 /* Loading.storyboard in Resources */,
				94E41D5322513199006BD06B /* Assets.xcassets in Resources */,
				94E41D8D225136F9006BD06B /* Vets.storyboard in Resources */,
				9403C3472253E006002D86C5 /* PetInfo.storyboard in Resources */,
				9420BE8E22556EE0002801C1 /* PetOwnerInfo.storyboard in Resources */,
				9403C3442253E006002D86C5 /* Pets.storyboard in Resources */,
				949B754522569F0B004056C7 /* loading.gif in Resources */,
				94E41D5222513199006BD06B /* LaunchScreen.storyboard in Resources */,
				94E41D9822513C65006BD06B /* VetInfo.storyboard in Resources */,
				949B754C22569F0B004056C7 /* ImageEmitterView.xcassets in Resources */,
				94D082812257EC34006E87B9 /* Search.storyboard in Resources */,
				949B754722569F0B004056C7 /* ModalAlert.storyboard in Resources */,
			);
			runOnlyForDeploymentPostprocessing = 0;
		};
/* End PBXResourcesBuildPhase section */

/* Begin PBXSourcesBuildPhase section */
		94E41D3322513110006BD06B /* Sources */ = {
			isa = PBXSourcesBuildPhase;
			buildActionMask = 2147483647;
			files = (
				94E41D9622513C58006BD06B /* VetInfoViewController.swift in Sources */,
				949B754822569F0B004056C7 /* ModalAlertViewController.swift in Sources */,
				949B754922569F0B004056C7 /* PopoverViewController.swift in Sources */,
				9403C33D2253C935002D86C5 /* DataServiceTask.swift in Sources */,
				94E41D8C225136F9006BD06B /* VetsViewController.swift in Sources */,
				949B753622569F0B004056C7 /* RestHelper.swift in Sources */,
				94E41D942251383A006BD06B /* VetModel.swift in Sources */,
				949B754322569F0B004056C7 /* Data+Extensions.swift in Sources */,
				9420BC512254FDFF002801C1 /* Actions.swift in Sources */,
				94E41D932251383A006BD06B /* PetModel.swift in Sources */,
				94D082822257EC34006E87B9 /* SearchViewController.swift in Sources */,
				949B753B22569F0B004056C7 /* ArrayExtensions.swift in Sources */,
				949B753922569F0B004056C7 /* Int+Extensions.swift in Sources */,
				94E41D5522513199006BD06B /* AppDelegate.swift in Sources */,
				94E41D88225136F9006BD06B /* AppCoordinator.swift in Sources */,
				949B753F22569F0B004056C7 /* UINavigationController+extensions.swift in Sources */,
				949B753C22569F0B004056C7 /* UIView+extensions.swift in Sources */,
				949B754A22569F0B004056C7 /* TableViewDelegate.swift in Sources */,
				9420BC4F22544113002801C1 /* Breeds.swift in Sources */,
				94E41D89225136F9006BD06B /* DataService.swift in Sources */,
				9403C3462253E006002D86C5 /* PetsViewController.swift in Sources */,
				94E41D8F22513786006BD06B /* PetService.swift in Sources */,
				949B754D22569F0B004056C7 /* Navigator.swift in Sources */,
				9403C3452253E006002D86C5 /* PetInfoViewController.swift in Sources */,
				9420BC5322551EAD002801C1 /* TaskBuilders.swift in Sources */,
				949B754422569F0B004056C7 /* LoadingPresenter.swift in Sources */,
				949B753822569F0B004056C7 /* NetworkError.swift in Sources */,
				949B753522569F0B004056C7 /* Reachability.swift in Sources */,
				949B754022569F0B004056C7 /* URL+Extensions.swift in Sources */,
				949B754222569F0B004056C7 /* CGRect+extensions.swift in Sources */,
				949B753722569F0B004056C7 /* RestPath.swift in Sources */,
				949B754B22569F0B004056C7 /* ImageEmitterView.swift in Sources */,
				949B754122569F0B004056C7 /* Date+Extensions.swift in Sources */,
				9420BC552255390F002801C1 /* AppNavigator.swift in Sources */,
				949B753E22569F0B004056C7 /* Encodable+Extensions.swift in Sources */,
				9420BE9022556EE0002801C1 /* PetOwnerInfoViewController.swift in Sources */,
				9420BE8722554E41002801C1 /* PetOwnerModel.swift in Sources */,
				949B753D22569F0B004056C7 /* Result+Extensions.swift in Sources */,
				949B753A22569F0B004056C7 /* UIViewController+extensions.swift in Sources */,
			);
			runOnlyForDeploymentPostprocessing = 0;
		};
/* End PBXSourcesBuildPhase section */

/* Begin XCBuildConfiguration section */
		94E41D4722513112006BD06B /* Debug */ = {
			isa = XCBuildConfiguration;
			buildSettings = {
				ALWAYS_SEARCH_USER_PATHS = NO;
				CLANG_ANALYZER_NONNULL = YES;
				CLANG_ANALYZER_NUMBER_OBJECT_CONVERSION = YES_AGGRESSIVE;
				CLANG_CXX_LANGUAGE_STANDARD = "gnu++14";
				CLANG_CXX_LIBRARY = "libc++";
				CLANG_ENABLE_MODULES = YES;
				CLANG_ENABLE_OBJC_ARC = YES;
				CLANG_ENABLE_OBJC_WEAK = YES;
				CLANG_WARN_BLOCK_CAPTURE_AUTORELEASING = YES;
				CLANG_WARN_BOOL_CONVERSION = YES;
				CLANG_WARN_COMMA = YES;
				CLANG_WARN_CONSTANT_CONVERSION = YES;
				CLANG_WARN_DEPRECATED_OBJC_IMPLEMENTATIONS = YES;
				CLANG_WARN_DIRECT_OBJC_ISA_USAGE = YES_ERROR;
				CLANG_WARN_DOCUMENTATION_COMMENTS = YES;
				CLANG_WARN_EMPTY_BODY = YES;
				CLANG_WARN_ENUM_CONVERSION = YES;
				CLANG_WARN_INFINITE_RECURSION = YES;
				CLANG_WARN_INT_CONVERSION = YES;
				CLANG_WARN_NON_LITERAL_NULL_CONVERSION = YES;
				CLANG_WARN_OBJC_IMPLICIT_RETAIN_SELF = YES;
				CLANG_WARN_OBJC_LITERAL_CONVERSION = YES;
				CLANG_WARN_OBJC_ROOT_CLASS = YES_ERROR;
				CLANG_WARN_RANGE_LOOP_ANALYSIS = YES;
				CLANG_WARN_STRICT_PROTOTYPES = YES;
				CLANG_WARN_SUSPICIOUS_MOVE = YES;
				CLANG_WARN_UNGUARDED_AVAILABILITY = YES_AGGRESSIVE;
				CLANG_WARN_UNREACHABLE_CODE = YES;
				CLANG_WARN__DUPLICATE_METHOD_MATCH = YES;
				CODE_SIGN_IDENTITY = "iPhone Developer";
				COPY_PHASE_STRIP = NO;
				DEBUG_INFORMATION_FORMAT = dwarf;
				ENABLE_STRICT_OBJC_MSGSEND = YES;
				ENABLE_TESTABILITY = YES;
				GCC_C_LANGUAGE_STANDARD = gnu11;
				GCC_DYNAMIC_NO_PIC = NO;
				GCC_NO_COMMON_BLOCKS = YES;
				GCC_OPTIMIZATION_LEVEL = 0;
				GCC_PREPROCESSOR_DEFINITIONS = (
					"DEBUG=1",
					"$(inherited)",
				);
				GCC_WARN_64_TO_32_BIT_CONVERSION = YES;
				GCC_WARN_ABOUT_RETURN_TYPE = YES_ERROR;
				GCC_WARN_UNDECLARED_SELECTOR = YES;
				GCC_WARN_UNINITIALIZED_AUTOS = YES_AGGRESSIVE;
				GCC_WARN_UNUSED_FUNCTION = YES;
				GCC_WARN_UNUSED_VARIABLE = YES;
				IPHONEOS_DEPLOYMENT_TARGET = 12.2;
				MTL_ENABLE_DEBUG_INFO = INCLUDE_SOURCE;
				MTL_FAST_MATH = YES;
				ONLY_ACTIVE_ARCH = YES;
				SDKROOT = iphoneos;
				SWIFT_ACTIVE_COMPILATION_CONDITIONS = DEBUG;
				SWIFT_OPTIMIZATION_LEVEL = "-Onone";
			};
			name = Debug;
		};
		94E41D4822513112006BD06B /* Release */ = {
			isa = XCBuildConfiguration;
			buildSettings = {
				ALWAYS_SEARCH_USER_PATHS = NO;
				CLANG_ANALYZER_NONNULL = YES;
				CLANG_ANALYZER_NUMBER_OBJECT_CONVERSION = YES_AGGRESSIVE;
				CLANG_CXX_LANGUAGE_STANDARD = "gnu++14";
				CLANG_CXX_LIBRARY = "libc++";
				CLANG_ENABLE_MODULES = YES;
				CLANG_ENABLE_OBJC_ARC = YES;
				CLANG_ENABLE_OBJC_WEAK = YES;
				CLANG_WARN_BLOCK_CAPTURE_AUTORELEASING = YES;
				CLANG_WARN_BOOL_CONVERSION = YES;
				CLANG_WARN_COMMA = YES;
				CLANG_WARN_CONSTANT_CONVERSION = YES;
				CLANG_WARN_DEPRECATED_OBJC_IMPLEMENTATIONS = YES;
				CLANG_WARN_DIRECT_OBJC_ISA_USAGE = YES_ERROR;
				CLANG_WARN_DOCUMENTATION_COMMENTS = YES;
				CLANG_WARN_EMPTY_BODY = YES;
				CLANG_WARN_ENUM_CONVERSION = YES;
				CLANG_WARN_INFINITE_RECURSION = YES;
				CLANG_WARN_INT_CONVERSION = YES;
				CLANG_WARN_NON_LITERAL_NULL_CONVERSION = YES;
				CLANG_WARN_OBJC_IMPLICIT_RETAIN_SELF = YES;
				CLANG_WARN_OBJC_LITERAL_CONVERSION = YES;
				CLANG_WARN_OBJC_ROOT_CLASS = YES_ERROR;
				CLANG_WARN_RANGE_LOOP_ANALYSIS = YES;
				CLANG_WARN_STRICT_PROTOTYPES = YES;
				CLANG_WARN_SUSPICIOUS_MOVE = YES;
				CLANG_WARN_UNGUARDED_AVAILABILITY = YES_AGGRESSIVE;
				CLANG_WARN_UNREACHABLE_CODE = YES;
				CLANG_WARN__DUPLICATE_METHOD_MATCH = YES;
				CODE_SIGN_IDENTITY = "iPhone Developer";
				COPY_PHASE_STRIP = NO;
				DEBUG_INFORMATION_FORMAT = "dwarf-with-dsym";
				ENABLE_NS_ASSERTIONS = NO;
				ENABLE_STRICT_OBJC_MSGSEND = YES;
				GCC_C_LANGUAGE_STANDARD = gnu11;
				GCC_NO_COMMON_BLOCKS = YES;
				GCC_WARN_64_TO_32_BIT_CONVERSION = YES;
				GCC_WARN_ABOUT_RETURN_TYPE = YES_ERROR;
				GCC_WARN_UNDECLARED_SELECTOR = YES;
				GCC_WARN_UNINITIALIZED_AUTOS = YES_AGGRESSIVE;
				GCC_WARN_UNUSED_FUNCTION = YES;
				GCC_WARN_UNUSED_VARIABLE = YES;
				IPHONEOS_DEPLOYMENT_TARGET = 12.2;
				MTL_ENABLE_DEBUG_INFO = NO;
				MTL_FAST_MATH = YES;
				SDKROOT = iphoneos;
				SWIFT_COMPILATION_MODE = wholemodule;
				SWIFT_OPTIMIZATION_LEVEL = "-O";
				VALIDATE_PRODUCT = YES;
			};
			name = Release;
		};
		94E41D4A22513112006BD06B /* Debug */ = {
			isa = XCBuildConfiguration;
			buildSettings = {
				ASSETCATALOG_COMPILER_APPICON_NAME = AppIcon;
				CODE_SIGN_STYLE = Automatic;
				DEVELOPMENT_TEAM = BGR2CU5KFK;
				INFOPLIST_FILE = VetsAndPets/Project/Info.plist;
				LD_RUNPATH_SEARCH_PATHS = (
					"$(inherited)",
					"@executable_path/Frameworks",
				);
				PRODUCT_BUNDLE_IDENTIFIER = blacklabs.VetsAndPets;
				PRODUCT_NAME = "$(TARGET_NAME)";
				SWIFT_VERSION = 5.0;
				TARGETED_DEVICE_FAMILY = "1,2";
			};
			name = Debug;
		};
		94E41D4B22513112006BD06B /* Release */ = {
			isa = XCBuildConfiguration;
			buildSettings = {
				ASSETCATALOG_COMPILER_APPICON_NAME = AppIcon;
				CODE_SIGN_STYLE = Automatic;
				DEVELOPMENT_TEAM = BGR2CU5KFK;
				INFOPLIST_FILE = VetsAndPets/Project/Info.plist;
				LD_RUNPATH_SEARCH_PATHS = (
					"$(inherited)",
					"@executable_path/Frameworks",
				);
				PRODUCT_BUNDLE_IDENTIFIER = blacklabs.VetsAndPets;
				PRODUCT_NAME = "$(TARGET_NAME)";
				SWIFT_VERSION = 5.0;
				TARGETED_DEVICE_FAMILY = "1,2";
			};
			name = Release;
		};
/* End XCBuildConfiguration section */

/* Begin XCConfigurationList section */
		94E41D3222513110006BD06B /* Build configuration list for PBXProject "Vets And Pets" */ = {
			isa = XCConfigurationList;
			buildConfigurations = (
				94E41D4722513112006BD06B /* Debug */,
				94E41D4822513112006BD06B /* Release */,
			);
			defaultConfigurationIsVisible = 0;
			defaultConfigurationName = Release;
		};
		94E41D4922513112006BD06B /* Build configuration list for PBXNativeTarget "Vets And Pets" */ = {
			isa = XCConfigurationList;
			buildConfigurations = (
				94E41D4A22513112006BD06B /* Debug */,
				94E41D4B22513112006BD06B /* Release */,
			);
			defaultConfigurationIsVisible = 0;
			defaultConfigurationName = Release;
		};
/* End XCConfigurationList section */
	};
	rootObject = 94E41D2F22513110006BD06B /* Project object */;
}
