// !$*UTF8*$!
{
	archiveVersion = 1;
	classes = {
	};
	objectVersion = 52;
	objects = {

/* Begin PBXBuildFile section */
		9403C33D2253C935002D86C5 /* DataServiceTask.swift in Sources */ = {isa = PBXBuildFile; fileRef = 9403C33C2253C935002D86C5 /* DataServiceTask.swift */; };
		9403C3442253E006002D86C5 /* Pets.storyboard in Resources */ = {isa = PBXBuildFile; fileRef = 9403C3402253E006002D86C5 /* Pets.storyboard */; };
		9403C3452253E006002D86C5 /* PetInfoViewController.swift in Sources */ = {isa = PBXBuildFile; fileRef = 9403C3412253E006002D86C5 /* PetInfoViewController.swift */; };
		9403C3462253E006002D86C5 /* PetsViewController.swift in Sources */ = {isa = PBXBuildFile; fileRef = 9403C3422253E006002D86C5 /* PetsViewController.swift */; };
		9403C3472253E006002D86C5 /* PetInfo.storyboard in Resources */ = {isa = PBXBuildFile; fileRef = 9403C3432253E006002D86C5 /* PetInfo.storyboard */; };
		9420BC4F22544113002801C1 /* Breeds.swift in Sources */ = {isa = PBXBuildFile; fileRef = 9420BC4E22544113002801C1 /* Breeds.swift */; };
		9420BC552255390F002801C1 /* AppNavigator.swift in Sources */ = {isa = PBXBuildFile; fileRef = 9420BC542255390F002801C1 /* AppNavigator.swift */; };
		9420BE8722554E41002801C1 /* PetOwnerModel.swift in Sources */ = {isa = PBXBuildFile; fileRef = 9420BE8622554E40002801C1 /* PetOwnerModel.swift */; };
		9420BE8E22556EE0002801C1 /* PetOwnerInfo.storyboard in Resources */ = {isa = PBXBuildFile; fileRef = 9420BE8A22556EDF002801C1 /* PetOwnerInfo.storyboard */; };
		9420BE9022556EE0002801C1 /* PetOwnerInfoViewController.swift in Sources */ = {isa = PBXBuildFile; fileRef = 9420BE8C22556EDF002801C1 /* PetOwnerInfoViewController.swift */; };
		9444B4EF225ED08F007431B6 /* VetTableViewDataSource.swift in Sources */ = {isa = PBXBuildFile; fileRef = 9444B4EE225ED08F007431B6 /* VetTableViewDataSource.swift */; };
		9444B4F1225ED6A5007431B6 /* PetTableViewDataSource.swift in Sources */ = {isa = PBXBuildFile; fileRef = 9444B4F0225ED6A5007431B6 /* PetTableViewDataSource.swift */; };
		9444B4F3225ED779007431B6 /* UserAction.swift in Sources */ = {isa = PBXBuildFile; fileRef = 9444B4F2225ED779007431B6 /* UserAction.swift */; };
		94A2C5AB233D762000B6E294 /* BlackLabsData in Frameworks */ = {isa = PBXBuildFile; productRef = 94A2C5AA233D762000B6E294 /* BlackLabsData */; };
		94A2C5AE233D770600B6E294 /* BlackLabsDate in Frameworks */ = {isa = PBXBuildFile; productRef = 94A2C5AD233D770600B6E294 /* BlackLabsDate */; };
		94A2C5B1233D782B00B6E294 /* BlackLabsCGGeometery in Frameworks */ = {isa = PBXBuildFile; productRef = 94A2C5B0233D782B00B6E294 /* BlackLabsCGGeometery */; };
		94A2C5B8233D7A7B00B6E294 /* BlackLabsView in Frameworks */ = {isa = PBXBuildFile; productRef = 94A2C5B7233D7A7B00B6E294 /* BlackLabsView */; };
		94A2C5BB233D7AFD00B6E294 /* BlackLabsViewController in Frameworks */ = {isa = PBXBuildFile; productRef = 94A2C5BA233D7AFD00B6E294 /* BlackLabsViewController */; };
		94A2C5C0233D7D3900B6E294 /* Search.storyboard in Resources */ = {isa = PBXBuildFile; fileRef = 94A2C5BC233D7D3900B6E294 /* Search.storyboard */; };
		94A2C5C1233D7D3900B6E294 /* ModalAlert.storyboard in Resources */ = {isa = PBXBuildFile; fileRef = 94A2C5BD233D7D3900B6E294 /* ModalAlert.storyboard */; };
		94A2C5C2233D7D3900B6E294 /* ModalAlertViewController.swift in Sources */ = {isa = PBXBuildFile; fileRef = 94A2C5BE233D7D3900B6E294 /* ModalAlertViewController.swift */; };
		94A2C5C3233D7D3900B6E294 /* SearchViewController.swift in Sources */ = {isa = PBXBuildFile; fileRef = 94A2C5BF233D7D3900B6E294 /* SearchViewController.swift */; };
		94A2C5C5233D7DC200B6E294 /* TableViewDelegate.swift in Sources */ = {isa = PBXBuildFile; fileRef = 94A2C5C4233D7DC200B6E294 /* TableViewDelegate.swift */; };
		94A2C5CA233D7EAB00B6E294 /* LoadingPresenter.swift in Sources */ = {isa = PBXBuildFile; fileRef = 94A2C5C7233D7EAB00B6E294 /* LoadingPresenter.swift */; };
		94A2C5CB233D7EAB00B6E294 /* loading.gif in Resources */ = {isa = PBXBuildFile; fileRef = 94A2C5C8233D7EAB00B6E294 /* loading.gif */; };
		94A2C5CC233D7EAB00B6E294 /* Loading.storyboard in Resources */ = {isa = PBXBuildFile; fileRef = 94A2C5C9233D7EAB00B6E294 /* Loading.storyboard */; };
		94A2C5CE233D7F2300B6E294 /* PopoverViewController.swift in Sources */ = {isa = PBXBuildFile; fileRef = 94A2C5CD233D7F2300B6E294 /* PopoverViewController.swift */; };
		94A2C5D0233D7F3000B6E294 /* Navigator.swift in Sources */ = {isa = PBXBuildFile; fileRef = 94A2C5CF233D7F3000B6E294 /* Navigator.swift */; };
		94B520FB225D3BC3000BFE42 /* Vets_And_Pets_Tests.swift in Sources */ = {isa = PBXBuildFile; fileRef = 94B520FA225D3BC3000BFE42 /* Vets_And_Pets_Tests.swift */; };
		94B52117225D3C06000BFE42 /* NavigatorChildTests.swift in Sources */ = {isa = PBXBuildFile; fileRef = 94B52102225D3C06000BFE42 /* NavigatorChildTests.swift */; };
		94B52118225D3C06000BFE42 /* CompletionViewController.swift in Sources */ = {isa = PBXBuildFile; fileRef = 94B52104225D3C06000BFE42 /* CompletionViewController.swift */; };
		94B52119225D3C06000BFE42 /* OrangeViewController.swift in Sources */ = {isa = PBXBuildFile; fileRef = 94B52105225D3C06000BFE42 /* OrangeViewController.swift */; };
		94B5211A225D3C06000BFE42 /* Unassociated.storyboard in Resources */ = {isa = PBXBuildFile; fileRef = 94B52106225D3C06000BFE42 /* Unassociated.storyboard */; };
		94B5211B225D3C06000BFE42 /* ButtonViewController.swift in Sources */ = {isa = PBXBuildFile; fileRef = 94B52107225D3C06000BFE42 /* ButtonViewController.swift */; };
		94B5211C225D3C06000BFE42 /* Orange.storyboard in Resources */ = {isa = PBXBuildFile; fileRef = 94B52108225D3C06000BFE42 /* Orange.storyboard */; };
		94B5211D225D3C06000BFE42 /* Button.storyboard in Resources */ = {isa = PBXBuildFile; fileRef = 94B52109225D3C06000BFE42 /* Button.storyboard */; };
		94B5211E225D3C06000BFE42 /* CompletionPopoverViewController.swift in Sources */ = {isa = PBXBuildFile; fileRef = 94B5210A225D3C06000BFE42 /* CompletionPopoverViewController.swift */; };
		94B5211F225D3C06000BFE42 /* NavigatorPopoverTests.swift in Sources */ = {isa = PBXBuildFile; fileRef = 94B5210B225D3C06000BFE42 /* NavigatorPopoverTests.swift */; };
		94B52120225D3C06000BFE42 /* NavigatorRootTests.swift in Sources */ = {isa = PBXBuildFile; fileRef = 94B5210C225D3C06000BFE42 /* NavigatorRootTests.swift */; };
		94B52121225D3C06000BFE42 /* NavigatorPresentModalTests.swift in Sources */ = {isa = PBXBuildFile; fileRef = 94B5210D225D3C06000BFE42 /* NavigatorPresentModalTests.swift */; };
		94B52122225D3C06000BFE42 /* ResultTests.swift in Sources */ = {isa = PBXBuildFile; fileRef = 94B5210F225D3C06000BFE42 /* ResultTests.swift */; };
		94B52123225D3C06000BFE42 /* RestHelperTests.swift in Sources */ = {isa = PBXBuildFile; fileRef = 94B52110225D3C06000BFE42 /* RestHelperTests.swift */; };
		94B52124225D3C06000BFE42 /* URLExtensionsTests.swift in Sources */ = {isa = PBXBuildFile; fileRef = 94B52112225D3C06000BFE42 /* URLExtensionsTests.swift */; };
		94B52125225D3C06000BFE42 /* EncodableTests.swift in Sources */ = {isa = PBXBuildFile; fileRef = 94B52113225D3C06000BFE42 /* EncodableTests.swift */; };
		94B52126225D3C06000BFE42 /* DataExtensionTests.swift in Sources */ = {isa = PBXBuildFile; fileRef = 94B52114225D3C06000BFE42 /* DataExtensionTests.swift */; };
		94B52127225D3C06000BFE42 /* RestPathTests.swift in Sources */ = {isa = PBXBuildFile; fileRef = 94B52115225D3C06000BFE42 /* RestPathTests.swift */; };
		94B52128225D3C06000BFE42 /* NavigatorPushTests.swift in Sources */ = {isa = PBXBuildFile; fileRef = 94B52116225D3C06000BFE42 /* NavigatorPushTests.swift */; };
		94E41D5222513199006BD06B /* LaunchScreen.storyboard in Resources */ = {isa = PBXBuildFile; fileRef = 94E41D4D22513199006BD06B /* LaunchScreen.storyboard */; };
		94E41D5322513199006BD06B /* Assets.xcassets in Resources */ = {isa = PBXBuildFile; fileRef = 94E41D4E22513199006BD06B /* Assets.xcassets */; };
		94E41D5522513199006BD06B /* AppDelegate.swift in Sources */ = {isa = PBXBuildFile; fileRef = 94E41D5122513199006BD06B /* AppDelegate.swift */; };
		94E41D88225136F9006BD06B /* AppCoordinator.swift in Sources */ = {isa = PBXBuildFile; fileRef = 94E41D80225136F8006BD06B /* AppCoordinator.swift */; };
		94E41D89225136F9006BD06B /* DataService.swift in Sources */ = {isa = PBXBuildFile; fileRef = 94E41D81225136F9006BD06B /* DataService.swift */; };
		94E41D8C225136F9006BD06B /* VetsViewController.swift in Sources */ = {isa = PBXBuildFile; fileRef = 94E41D86225136F9006BD06B /* VetsViewController.swift */; };
		94E41D8D225136F9006BD06B /* Vets.storyboard in Resources */ = {isa = PBXBuildFile; fileRef = 94E41D87225136F9006BD06B /* Vets.storyboard */; };
		94E41D8F22513786006BD06B /* PetService.swift in Sources */ = {isa = PBXBuildFile; fileRef = 94E41D8E22513786006BD06B /* PetService.swift */; };
		94E41D932251383A006BD06B /* PetModel.swift in Sources */ = {isa = PBXBuildFile; fileRef = 94E41D912251383A006BD06B /* PetModel.swift */; };
		94E41D942251383A006BD06B /* VetModel.swift in Sources */ = {isa = PBXBuildFile; fileRef = 94E41D922251383A006BD06B /* VetModel.swift */; };
		94E41D9622513C58006BD06B /* VetInfoViewController.swift in Sources */ = {isa = PBXBuildFile; fileRef = 94E41D9522513C58006BD06B /* VetInfoViewController.swift */; };
		94E41D9822513C65006BD06B /* VetInfo.storyboard in Resources */ = {isa = PBXBuildFile; fileRef = 94E41D9722513C65006BD06B /* VetInfo.storyboard */; };
/* End PBXBuildFile section */

/* Begin PBXContainerItemProxy section */
		94B520FD225D3BC3000BFE42 /* PBXContainerItemProxy */ = {
			isa = PBXContainerItemProxy;
			containerPortal = 94E41D2F22513110006BD06B /* Project object */;
			proxyType = 1;
			remoteGlobalIDString = 94E41D3622513110006BD06B;
			remoteInfo = "Vets And Pets";
		};
/* End PBXContainerItemProxy section */

/* Begin PBXFileReference section */
		9403C33C2253C935002D86C5 /* DataServiceTask.swift */ = {isa = PBXFileReference; lastKnownFileType = sourcecode.swift; path = DataServiceTask.swift; sourceTree = "<group>"; };
		9403C3402253E006002D86C5 /* Pets.storyboard */ = {isa = PBXFileReference; fileEncoding = 4; lastKnownFileType = file.storyboard; path = Pets.storyboard; sourceTree = "<group>"; };
		9403C3412253E006002D86C5 /* PetInfoViewController.swift */ = {isa = PBXFileReference; fileEncoding = 4; lastKnownFileType = sourcecode.swift; path = PetInfoViewController.swift; sourceTree = "<group>"; };
		9403C3422253E006002D86C5 /* PetsViewController.swift */ = {isa = PBXFileReference; fileEncoding = 4; lastKnownFileType = sourcecode.swift; path = PetsViewController.swift; sourceTree = "<group>"; };
		9403C3432253E006002D86C5 /* PetInfo.storyboard */ = {isa = PBXFileReference; fileEncoding = 4; lastKnownFileType = file.storyboard; path = PetInfo.storyboard; sourceTree = "<group>"; };
		9420BC4E22544113002801C1 /* Breeds.swift */ = {isa = PBXFileReference; fileEncoding = 4; lastKnownFileType = sourcecode.swift; path = Breeds.swift; sourceTree = "<group>"; };
		9420BC542255390F002801C1 /* AppNavigator.swift */ = {isa = PBXFileReference; lastKnownFileType = sourcecode.swift; path = AppNavigator.swift; sourceTree = "<group>"; };
		9420BE8622554E40002801C1 /* PetOwnerModel.swift */ = {isa = PBXFileReference; fileEncoding = 4; lastKnownFileType = sourcecode.swift; path = PetOwnerModel.swift; sourceTree = "<group>"; };
		9420BE8A22556EDF002801C1 /* PetOwnerInfo.storyboard */ = {isa = PBXFileReference; fileEncoding = 4; lastKnownFileType = file.storyboard; path = PetOwnerInfo.storyboard; sourceTree = "<group>"; };
		9420BE8C22556EDF002801C1 /* PetOwnerInfoViewController.swift */ = {isa = PBXFileReference; fileEncoding = 4; lastKnownFileType = sourcecode.swift; path = PetOwnerInfoViewController.swift; sourceTree = "<group>"; };
		9444B4EE225ED08F007431B6 /* VetTableViewDataSource.swift */ = {isa = PBXFileReference; lastKnownFileType = sourcecode.swift; path = VetTableViewDataSource.swift; sourceTree = "<group>"; };
		9444B4F0225ED6A5007431B6 /* PetTableViewDataSource.swift */ = {isa = PBXFileReference; lastKnownFileType = sourcecode.swift; path = PetTableViewDataSource.swift; sourceTree = "<group>"; };
		9444B4F2225ED779007431B6 /* UserAction.swift */ = {isa = PBXFileReference; lastKnownFileType = sourcecode.swift; path = UserAction.swift; sourceTree = "<group>"; };
		94A2C5BC233D7D3900B6E294 /* Search.storyboard */ = {isa = PBXFileReference; fileEncoding = 4; lastKnownFileType = file.storyboard; path = Search.storyboard; sourceTree = "<group>"; };
		94A2C5BD233D7D3900B6E294 /* ModalAlert.storyboard */ = {isa = PBXFileReference; fileEncoding = 4; lastKnownFileType = file.storyboard; path = ModalAlert.storyboard; sourceTree = "<group>"; };
		94A2C5BE233D7D3900B6E294 /* ModalAlertViewController.swift */ = {isa = PBXFileReference; fileEncoding = 4; lastKnownFileType = sourcecode.swift; path = ModalAlertViewController.swift; sourceTree = "<group>"; };
		94A2C5BF233D7D3900B6E294 /* SearchViewController.swift */ = {isa = PBXFileReference; fileEncoding = 4; lastKnownFileType = sourcecode.swift; path = SearchViewController.swift; sourceTree = "<group>"; };
		94A2C5C4233D7DC200B6E294 /* TableViewDelegate.swift */ = {isa = PBXFileReference; fileEncoding = 4; lastKnownFileType = sourcecode.swift; path = TableViewDelegate.swift; sourceTree = "<group>"; };
		94A2C5C7233D7EAB00B6E294 /* LoadingPresenter.swift */ = {isa = PBXFileReference; fileEncoding = 4; lastKnownFileType = sourcecode.swift; path = LoadingPresenter.swift; sourceTree = "<group>"; };
		94A2C5C8233D7EAB00B6E294 /* loading.gif */ = {isa = PBXFileReference; lastKnownFileType = image.gif; path = loading.gif; sourceTree = "<group>"; };
		94A2C5C9233D7EAB00B6E294 /* Loading.storyboard */ = {isa = PBXFileReference; fileEncoding = 4; lastKnownFileType = file.storyboard; path = Loading.storyboard; sourceTree = "<group>"; };
		94A2C5CD233D7F2300B6E294 /* PopoverViewController.swift */ = {isa = PBXFileReference; fileEncoding = 4; lastKnownFileType = sourcecode.swift; path = PopoverViewController.swift; sourceTree = "<group>"; };
		94A2C5CF233D7F3000B6E294 /* Navigator.swift */ = {isa = PBXFileReference; fileEncoding = 4; lastKnownFileType = sourcecode.swift; path = Navigator.swift; sourceTree = "<group>"; };
		94B520F8225D3BC3000BFE42 /* Vets And Pets Tests.xctest */ = {isa = PBXFileReference; explicitFileType = wrapper.cfbundle; includeInIndex = 0; path = "Vets And Pets Tests.xctest"; sourceTree = BUILT_PRODUCTS_DIR; };
		94B520FA225D3BC3000BFE42 /* Vets_And_Pets_Tests.swift */ = {isa = PBXFileReference; lastKnownFileType = sourcecode.swift; path = Vets_And_Pets_Tests.swift; sourceTree = "<group>"; };
		94B520FC225D3BC3000BFE42 /* Info.plist */ = {isa = PBXFileReference; lastKnownFileType = text.plist.xml; path = Info.plist; sourceTree = "<group>"; };
		94B52102225D3C06000BFE42 /* NavigatorChildTests.swift */ = {isa = PBXFileReference; fileEncoding = 4; lastKnownFileType = sourcecode.swift; path = NavigatorChildTests.swift; sourceTree = "<group>"; };
		94B52104225D3C06000BFE42 /* CompletionViewController.swift */ = {isa = PBXFileReference; fileEncoding = 4; lastKnownFileType = sourcecode.swift; path = CompletionViewController.swift; sourceTree = "<group>"; };
		94B52105225D3C06000BFE42 /* OrangeViewController.swift */ = {isa = PBXFileReference; fileEncoding = 4; lastKnownFileType = sourcecode.swift; path = OrangeViewController.swift; sourceTree = "<group>"; };
		94B52106225D3C06000BFE42 /* Unassociated.storyboard */ = {isa = PBXFileReference; fileEncoding = 4; lastKnownFileType = file.storyboard; path = Unassociated.storyboard; sourceTree = "<group>"; };
		94B52107225D3C06000BFE42 /* ButtonViewController.swift */ = {isa = PBXFileReference; fileEncoding = 4; lastKnownFileType = sourcecode.swift; path = ButtonViewController.swift; sourceTree = "<group>"; };
		94B52108225D3C06000BFE42 /* Orange.storyboard */ = {isa = PBXFileReference; fileEncoding = 4; lastKnownFileType = file.storyboard; path = Orange.storyboard; sourceTree = "<group>"; };
		94B52109225D3C06000BFE42 /* Button.storyboard */ = {isa = PBXFileReference; fileEncoding = 4; lastKnownFileType = file.storyboard; path = Button.storyboard; sourceTree = "<group>"; };
		94B5210A225D3C06000BFE42 /* CompletionPopoverViewController.swift */ = {isa = PBXFileReference; fileEncoding = 4; lastKnownFileType = sourcecode.swift; path = CompletionPopoverViewController.swift; sourceTree = "<group>"; };
		94B5210B225D3C06000BFE42 /* NavigatorPopoverTests.swift */ = {isa = PBXFileReference; fileEncoding = 4; lastKnownFileType = sourcecode.swift; path = NavigatorPopoverTests.swift; sourceTree = "<group>"; };
		94B5210C225D3C06000BFE42 /* NavigatorRootTests.swift */ = {isa = PBXFileReference; fileEncoding = 4; lastKnownFileType = sourcecode.swift; path = NavigatorRootTests.swift; sourceTree = "<group>"; };
		94B5210D225D3C06000BFE42 /* NavigatorPresentModalTests.swift */ = {isa = PBXFileReference; fileEncoding = 4; lastKnownFileType = sourcecode.swift; path = NavigatorPresentModalTests.swift; sourceTree = "<group>"; };
		94B5210F225D3C06000BFE42 /* ResultTests.swift */ = {isa = PBXFileReference; fileEncoding = 4; lastKnownFileType = sourcecode.swift; path = ResultTests.swift; sourceTree = "<group>"; };
		94B52110225D3C06000BFE42 /* RestHelperTests.swift */ = {isa = PBXFileReference; fileEncoding = 4; lastKnownFileType = sourcecode.swift; path = RestHelperTests.swift; sourceTree = "<group>"; };
		94B52112225D3C06000BFE42 /* URLExtensionsTests.swift */ = {isa = PBXFileReference; fileEncoding = 4; lastKnownFileType = sourcecode.swift; path = URLExtensionsTests.swift; sourceTree = "<group>"; };
		94B52113225D3C06000BFE42 /* EncodableTests.swift */ = {isa = PBXFileReference; fileEncoding = 4; lastKnownFileType = sourcecode.swift; path = EncodableTests.swift; sourceTree = "<group>"; };
		94B52114225D3C06000BFE42 /* DataExtensionTests.swift */ = {isa = PBXFileReference; fileEncoding = 4; lastKnownFileType = sourcecode.swift; path = DataExtensionTests.swift; sourceTree = "<group>"; };
		94B52115225D3C06000BFE42 /* RestPathTests.swift */ = {isa = PBXFileReference; fileEncoding = 4; lastKnownFileType = sourcecode.swift; path = RestPathTests.swift; sourceTree = "<group>"; };
		94B52116225D3C06000BFE42 /* NavigatorPushTests.swift */ = {isa = PBXFileReference; fileEncoding = 4; lastKnownFileType = sourcecode.swift; path = NavigatorPushTests.swift; sourceTree = "<group>"; };
		94E41D3722513110006BD06B /* Vets And Pets.app */ = {isa = PBXFileReference; explicitFileType = wrapper.application; includeInIndex = 0; path = "Vets And Pets.app"; sourceTree = BUILT_PRODUCTS_DIR; };
		94E41D4D22513199006BD06B /* LaunchScreen.storyboard */ = {isa = PBXFileReference; fileEncoding = 4; lastKnownFileType = file.storyboard; path = LaunchScreen.storyboard; sourceTree = "<group>"; };
		94E41D4E22513199006BD06B /* Assets.xcassets */ = {isa = PBXFileReference; lastKnownFileType = folder.assetcatalog; path = Assets.xcassets; sourceTree = "<group>"; };
		94E41D4F22513199006BD06B /* Info.plist */ = {isa = PBXFileReference; fileEncoding = 4; lastKnownFileType = text.plist.xml; path = Info.plist; sourceTree = "<group>"; };
		94E41D5122513199006BD06B /* AppDelegate.swift */ = {isa = PBXFileReference; fileEncoding = 4; lastKnownFileType = sourcecode.swift; path = AppDelegate.swift; sourceTree = "<group>"; };
		94E41D80225136F8006BD06B /* AppCoordinator.swift */ = {isa = PBXFileReference; fileEncoding = 4; lastKnownFileType = sourcecode.swift; path = AppCoordinator.swift; sourceTree = "<group>"; };
		94E41D81225136F9006BD06B /* DataService.swift */ = {isa = PBXFileReference; fileEncoding = 4; lastKnownFileType = sourcecode.swift; path = DataService.swift; sourceTree = "<group>"; };
		94E41D86225136F9006BD06B /* VetsViewController.swift */ = {isa = PBXFileReference; fileEncoding = 4; lastKnownFileType = sourcecode.swift; path = VetsViewController.swift; sourceTree = "<group>"; };
		94E41D87225136F9006BD06B /* Vets.storyboard */ = {isa = PBXFileReference; fileEncoding = 4; lastKnownFileType = file.storyboard; path = Vets.storyboard; sourceTree = "<group>"; };
		94E41D8E22513786006BD06B /* PetService.swift */ = {isa = PBXFileReference; lastKnownFileType = sourcecode.swift; path = PetService.swift; sourceTree = "<group>"; };
		94E41D912251383A006BD06B /* PetModel.swift */ = {isa = PBXFileReference; fileEncoding = 4; lastKnownFileType = sourcecode.swift; path = PetModel.swift; sourceTree = "<group>"; };
		94E41D922251383A006BD06B /* VetModel.swift */ = {isa = PBXFileReference; fileEncoding = 4; lastKnownFileType = sourcecode.swift; path = VetModel.swift; sourceTree = "<group>"; };
		94E41D9522513C58006BD06B /* VetInfoViewController.swift */ = {isa = PBXFileReference; lastKnownFileType = sourcecode.swift; path = VetInfoViewController.swift; sourceTree = "<group>"; };
		94E41D9722513C65006BD06B /* VetInfo.storyboard */ = {isa = PBXFileReference; lastKnownFileType = file.storyboard; path = VetInfo.storyboard; sourceTree = "<group>"; };
/* End PBXFileReference section */

/* Begin PBXFrameworksBuildPhase section */
		94B520F5225D3BC3000BFE42 /* Frameworks */ = {
			isa = PBXFrameworksBuildPhase;
			buildActionMask = 2147483647;
			files = (
			);
			runOnlyForDeploymentPostprocessing = 0;
		};
		94E41D3422513110006BD06B /* Frameworks */ = {
			isa = PBXFrameworksBuildPhase;
			buildActionMask = 2147483647;
			files = (
				94A2C5AE233D770600B6E294 /* BlackLabsDate in Frameworks */,
				94A2C5BB233D7AFD00B6E294 /* BlackLabsViewController in Frameworks */,
				94A2C5AB233D762000B6E294 /* BlackLabsData in Frameworks */,
				94A2C5B1233D782B00B6E294 /* BlackLabsCGGeometery in Frameworks */,
				94A2C5B8233D7A7B00B6E294 /* BlackLabsView in Frameworks */,
			);
			runOnlyForDeploymentPostprocessing = 0;
		};
/* End PBXFrameworksBuildPhase section */

/* Begin PBXGroup section */
		9403C33E2253DFC3002D86C5 /* Vet */ = {
			isa = PBXGroup;
			children = (
				94E41D9722513C65006BD06B /* VetInfo.storyboard */,
				94E41D9522513C58006BD06B /* VetInfoViewController.swift */,
				9444B4EE225ED08F007431B6 /* VetTableViewDataSource.swift */,
				94E41D87225136F9006BD06B /* Vets.storyboard */,
				94E41D86225136F9006BD06B /* VetsViewController.swift */,
			);
			path = Vet;
			sourceTree = "<group>";
		};
		9403C33F2253E006002D86C5 /* Pet */ = {
			isa = PBXGroup;
			children = (
				9403C3432253E006002D86C5 /* PetInfo.storyboard */,
				9403C3412253E006002D86C5 /* PetInfoViewController.swift */,
				9444B4F0225ED6A5007431B6 /* PetTableViewDataSource.swift */,
				9403C3402253E006002D86C5 /* Pets.storyboard */,
				9403C3422253E006002D86C5 /* PetsViewController.swift */,
			);
			path = Pet;
			sourceTree = "<group>";
		};
		9420BE8822556EDF002801C1 /* PetOwner */ = {
			isa = PBXGroup;
			children = (
				9420BE8A22556EDF002801C1 /* PetOwnerInfo.storyboard */,
				9420BE8C22556EDF002801C1 /* PetOwnerInfoViewController.swift */,
			);
			path = PetOwner;
			sourceTree = "<group>";
		};
		94A2C5B3233D793000B6E294 /* Frameworks */ = {
			isa = PBXGroup;
			children = (
			);
			name = Frameworks;
			sourceTree = "<group>";
		};
		94A2C5C6233D7EAB00B6E294 /* Loading */ = {
			isa = PBXGroup;
			children = (
				94A2C5C7233D7EAB00B6E294 /* LoadingPresenter.swift */,
				94A2C5C8233D7EAB00B6E294 /* loading.gif */,
				94A2C5C9233D7EAB00B6E294 /* Loading.storyboard */,
			);
			path = Loading;
			sourceTree = "<group>";
		};
		94B520F9225D3BC3000BFE42 /* Vets And Pets Tests */ = {
			isa = PBXGroup;
			children = (
				94B52102225D3C06000BFE42 /* NavigatorChildTests.swift */,
				94B5210B225D3C06000BFE42 /* NavigatorPopoverTests.swift */,
				94B5210D225D3C06000BFE42 /* NavigatorPresentModalTests.swift */,
				94B52116225D3C06000BFE42 /* NavigatorPushTests.swift */,
				94B5210C225D3C06000BFE42 /* NavigatorRootTests.swift */,
				94B5210E225D3C06000BFE42 /* Network */,
				94B52103225D3C06000BFE42 /* View Controllers */,
				94B520FA225D3BC3000BFE42 /* Vets_And_Pets_Tests.swift */,
				94B520FC225D3BC3000BFE42 /* Info.plist */,
			);
			path = "Vets And Pets Tests";
			sourceTree = "<group>";
		};
		94B52103225D3C06000BFE42 /* View Controllers */ = {
			isa = PBXGroup;
			children = (
				94B52109225D3C06000BFE42 /* Button.storyboard */,
				94B52107225D3C06000BFE42 /* ButtonViewController.swift */,
				94B5210A225D3C06000BFE42 /* CompletionPopoverViewController.swift */,
				94B52104225D3C06000BFE42 /* CompletionViewController.swift */,
				94B52108225D3C06000BFE42 /* Orange.storyboard */,
				94B52105225D3C06000BFE42 /* OrangeViewController.swift */,
				94B52106225D3C06000BFE42 /* Unassociated.storyboard */,
			);
			path = "View Controllers";
			sourceTree = "<group>";
		};
		94B5210E225D3C06000BFE42 /* Network */ = {
			isa = PBXGroup;
			children = (
				94B5210F225D3C06000BFE42 /* ResultTests.swift */,
				94B52110225D3C06000BFE42 /* RestHelperTests.swift */,
				94B52111225D3C06000BFE42 /* Extensions */,
				94B52115225D3C06000BFE42 /* RestPathTests.swift */,
			);
			path = Network;
			sourceTree = "<group>";
		};
		94B52111225D3C06000BFE42 /* Extensions */ = {
			isa = PBXGroup;
			children = (
				94B52112225D3C06000BFE42 /* URLExtensionsTests.swift */,
				94B52113225D3C06000BFE42 /* EncodableTests.swift */,
				94B52114225D3C06000BFE42 /* DataExtensionTests.swift */,
			);
			path = Extensions;
			sourceTree = "<group>";
		};
		94E41D2E22513110006BD06B = {
			isa = PBXGroup;
			children = (
				94E41D3922513110006BD06B /* VetsAndPets */,
				94B520F9225D3BC3000BFE42 /* Vets And Pets Tests */,
				94E41D3822513110006BD06B /* Products */,
				94A2C5B3233D793000B6E294 /* Frameworks */,
			);
			sourceTree = "<group>";
		};
		94E41D3822513110006BD06B /* Products */ = {
			isa = PBXGroup;
			children = (
				94E41D3722513110006BD06B /* Vets And Pets.app */,
				94B520F8225D3BC3000BFE42 /* Vets And Pets Tests.xctest */,
			);
			name = Products;
			sourceTree = "<group>";
		};
		94E41D3922513110006BD06B /* VetsAndPets */ = {
			isa = PBXGroup;
			children = (
				94E41D4C22513199006BD06B /* Project */,
				94E41D5022513199006BD06B /* Source */,
			);
			path = VetsAndPets;
			sourceTree = "<group>";
		};
		94E41D4C22513199006BD06B /* Project */ = {
			isa = PBXGroup;
			children = (
				94E41D4D22513199006BD06B /* LaunchScreen.storyboard */,
				94E41D4E22513199006BD06B /* Assets.xcassets */,
				94E41D4F22513199006BD06B /* Info.plist */,
			);
			path = Project;
			sourceTree = "<group>";
		};
		94E41D5022513199006BD06B /* Source */ = {
			isa = PBXGroup;
			children = (
				94E41D80225136F8006BD06B /* AppCoordinator.swift */,
				94E41D5122513199006BD06B /* AppDelegate.swift */,
				9420BC542255390F002801C1 /* AppNavigator.swift */,
				94E41D81225136F9006BD06B /* DataService.swift */,
				9403C33C2253C935002D86C5 /* DataServiceTask.swift */,
				94E41D90225137B3006BD06B /* Models */,
				94A2C5CF233D7F3000B6E294 /* Navigator.swift */,
				94E41D8E22513786006BD06B /* PetService.swift */,
				94A2C5C4233D7DC200B6E294 /* TableViewDelegate.swift */,
				9444B4F2225ED779007431B6 /* UserAction.swift */,
				94E41D82225136F9006BD06B /* ViewControllers */,
			);
			path = Source;
			sourceTree = "<group>";
		};
		94E41D82225136F9006BD06B /* ViewControllers */ = {
			isa = PBXGroup;
			children = (
				94A2C5BD233D7D3900B6E294 /* ModalAlert.storyboard */,
				94A2C5BE233D7D3900B6E294 /* ModalAlertViewController.swift */,
				94A2C5CD233D7F2300B6E294 /* PopoverViewController.swift */,
				94A2C5BC233D7D3900B6E294 /* Search.storyboard */,
				94A2C5BF233D7D3900B6E294 /* SearchViewController.swift */,
				94A2C5C6233D7EAB00B6E294 /* Loading */,
				9403C33F2253E006002D86C5 /* Pet */,
				9420BE8822556EDF002801C1 /* PetOwner */,
				9403C33E2253DFC3002D86C5 /* Vet */,
			);
			path = ViewControllers;
			sourceTree = "<group>";
		};
		94E41D90225137B3006BD06B /* Models */ = {
			isa = PBXGroup;
			children = (
				9420BC4E22544113002801C1 /* Breeds.swift */,
				94E41D912251383A006BD06B /* PetModel.swift */,
				9420BE8622554E40002801C1 /* PetOwnerModel.swift */,
				94E41D922251383A006BD06B /* VetModel.swift */,
			);
			path = Models;
			sourceTree = "<group>";
		};
/* End PBXGroup section */

/* Begin PBXNativeTarget section */
		94B520F7225D3BC3000BFE42 /* Vets And Pets Tests */ = {
			isa = PBXNativeTarget;
			buildConfigurationList = 94B52101225D3BC3000BFE42 /* Build configuration list for PBXNativeTarget "Vets And Pets Tests" */;
			buildPhases = (
				94B520F4225D3BC3000BFE42 /* Sources */,
				94B520F5225D3BC3000BFE42 /* Frameworks */,
				94B520F6225D3BC3000BFE42 /* Resources */,
			);
			buildRules = (
			);
			dependencies = (
				94B520FE225D3BC3000BFE42 /* PBXTargetDependency */,
			);
			name = "Vets And Pets Tests";
			productName = "Vets And Pets Tests";
			productReference = 94B520F8225D3BC3000BFE42 /* Vets And Pets Tests.xctest */;
			productType = "com.apple.product-type.bundle.unit-test";
		};
		94E41D3622513110006BD06B /* Vets And Pets */ = {
			isa = PBXNativeTarget;
			buildConfigurationList = 94E41D4922513112006BD06B /* Build configuration list for PBXNativeTarget "Vets And Pets" */;
			buildPhases = (
				94E41D3322513110006BD06B /* Sources */,
				94E41D3422513110006BD06B /* Frameworks */,
				94E41D3522513110006BD06B /* Resources */,
			);
			buildRules = (
			);
			dependencies = (
			);
			name = "Vets And Pets";
			packageProductDependencies = (
				94A2C5AA233D762000B6E294 /* BlackLabsData */,
				94A2C5AD233D770600B6E294 /* BlackLabsDate */,
				94A2C5B0233D782B00B6E294 /* BlackLabsCGGeometery */,
				94A2C5B7233D7A7B00B6E294 /* BlackLabsView */,
				94A2C5BA233D7AFD00B6E294 /* BlackLabsViewController */,
			);
			productName = PetForms;
			productReference = 94E41D3722513110006BD06B /* Vets And Pets.app */;
			productType = "com.apple.product-type.application";
		};
/* End PBXNativeTarget section */

/* Begin PBXProject section */
		94E41D2F22513110006BD06B /* Project object */ = {
			isa = PBXProject;
			attributes = {
				LastSwiftUpdateCheck = 1020;
				LastUpgradeCheck = 1020;
				ORGANIZATIONNAME = "Norman Basham";
				TargetAttributes = {
					94B520F7225D3BC3000BFE42 = {
						CreatedOnToolsVersion = 10.2;
						TestTargetID = 94E41D3622513110006BD06B;
					};
					94E41D3622513110006BD06B = {
						CreatedOnToolsVersion = 10.2;
					};
				};
			};
			buildConfigurationList = 94E41D3222513110006BD06B /* Build configuration list for PBXProject "Vets And Pets" */;
			compatibilityVersion = "Xcode 9.3";
			developmentRegion = en;
			hasScannedForEncodings = 0;
			knownRegions = (
				en,
				Base,
			);
			mainGroup = 94E41D2E22513110006BD06B;
			packageReferences = (
				94A2C5A9233D762000B6E294 /* XCRemoteSwiftPackageReference "BlackLabsData" */,
				94A2C5AC233D770600B6E294 /* XCRemoteSwiftPackageReference "BlackLabsDate" */,
				94A2C5AF233D782B00B6E294 /* XCRemoteSwiftPackageReference "BlackLabsCGGeometery" */,
				94A2C5B6233D7A7B00B6E294 /* XCRemoteSwiftPackageReference "BlackLabsView" */,
				94A2C5B9233D7AFD00B6E294 /* XCRemoteSwiftPackageReference "BlackLabsViewController" */,
			);
			productRefGroup = 94E41D3822513110006BD06B /* Products */;
			projectDirPath = "";
			projectRoot = "";
			targets = (
				94E41D3622513110006BD06B /* Vets And Pets */,
				94B520F7225D3BC3000BFE42 /* Vets And Pets Tests */,
			);
		};
/* End PBXProject section */

/* Begin PBXResourcesBuildPhase section */
		94B520F6225D3BC3000BFE42 /* Resources */ = {
			isa = PBXResourcesBuildPhase;
			buildActionMask = 2147483647;
			files = (
				94B5211C225D3C06000BFE42 /* Orange.storyboard in Resources */,
				94B5211D225D3C06000BFE42 /* Button.storyboard in Resources */,
				94B5211A225D3C06000BFE42 /* Unassociated.storyboard in Resources */,
			);
			runOnlyForDeploymentPostprocessing = 0;
		};
		94E41D3522513110006BD06B /* Resources */ = {
			isa = PBXResourcesBuildPhase;
			buildActionMask = 2147483647;
			files = (
				94A2C5CC233D7EAB00B6E294 /* Loading.storyboard in Resources */,
				94E41D5322513199006BD06B /* Assets.xcassets in Resources */,
				94E41D8D225136F9006BD06B /* Vets.storyboard in Resources */,
				9403C3472253E006002D86C5 /* PetInfo.storyboard in Resources */,
				94A2C5C0233D7D3900B6E294 /* Search.storyboard in Resources */,
				9420BE8E22556EE0002801C1 /* PetOwnerInfo.storyboard in Resources */,
				9403C3442253E006002D86C5 /* Pets.storyboard in Resources */,
				94E41D5222513199006BD06B /* LaunchScreen.storyboard in Resources */,
				94A2C5CB233D7EAB00B6E294 /* loading.gif in Resources */,
				94E41D9822513C65006BD06B /* VetInfo.storyboard in Resources */,
				94A2C5C1233D7D3900B6E294 /* ModalAlert.storyboard in Resources */,
			);
			runOnlyForDeploymentPostprocessing = 0;
		};
/* End PBXResourcesBuildPhase section */

/* Begin PBXSourcesBuildPhase section */
		94B520F4225D3BC3000BFE42 /* Sources */ = {
			isa = PBXSourcesBuildPhase;
			buildActionMask = 2147483647;
			files = (
				94B52119225D3C06000BFE42 /* OrangeViewController.swift in Sources */,
				94B52128225D3C06000BFE42 /* NavigatorPushTests.swift in Sources */,
				94B52117225D3C06000BFE42 /* NavigatorChildTests.swift in Sources */,
				94B520FB225D3BC3000BFE42 /* Vets_And_Pets_Tests.swift in Sources */,
				94B5211B225D3C06000BFE42 /* ButtonViewController.swift in Sources */,
				94B52121225D3C06000BFE42 /* NavigatorPresentModalTests.swift in Sources */,
				94B52124225D3C06000BFE42 /* URLExtensionsTests.swift in Sources */,
				94B5211E225D3C06000BFE42 /* CompletionPopoverViewController.swift in Sources */,
				94B52120225D3C06000BFE42 /* NavigatorRootTests.swift in Sources */,
				94B52125225D3C06000BFE42 /* EncodableTests.swift in Sources */,
				94B52126225D3C06000BFE42 /* DataExtensionTests.swift in Sources */,
				94B52118225D3C06000BFE42 /* CompletionViewController.swift in Sources */,
				94B52122225D3C06000BFE42 /* ResultTests.swift in Sources */,
				94B52123225D3C06000BFE42 /* RestHelperTests.swift in Sources */,
				94B5211F225D3C06000BFE42 /* NavigatorPopoverTests.swift in Sources */,
				94B52127225D3C06000BFE42 /* RestPathTests.swift in Sources */,
			);
			runOnlyForDeploymentPostprocessing = 0;
		};
		94E41D3322513110006BD06B /* Sources */ = {
			isa = PBXSourcesBuildPhase;
			buildActionMask = 2147483647;
			files = (
				94A2C5C5233D7DC200B6E294 /* TableViewDelegate.swift in Sources */,
				94E41D9622513C58006BD06B /* VetInfoViewController.swift in Sources */,
				94A2C5CA233D7EAB00B6E294 /* LoadingPresenter.swift in Sources */,
				94A2C5D0233D7F3000B6E294 /* Navigator.swift in Sources */,
				9403C33D2253C935002D86C5 /* DataServiceTask.swift in Sources */,
				94E41D8C225136F9006BD06B /* VetsViewController.swift in Sources */,
				94E41D942251383A006BD06B /* VetModel.swift in Sources */,
				94A2C5CE233D7F2300B6E294 /* PopoverViewController.swift in Sources */,
				94E41D932251383A006BD06B /* PetModel.swift in Sources */,
				94E41D5522513199006BD06B /* AppDelegate.swift in Sources */,
				94E41D88225136F9006BD06B /* AppCoordinator.swift in Sources */,
				9420BC4F22544113002801C1 /* Breeds.swift in Sources */,
				9444B4F3225ED779007431B6 /* UserAction.swift in Sources */,
				9444B4EF225ED08F007431B6 /* VetTableViewDataSource.swift in Sources */,
				9444B4F1225ED6A5007431B6 /* PetTableViewDataSource.swift in Sources */,
				94E41D89225136F9006BD06B /* DataService.swift in Sources */,
				9403C3462253E006002D86C5 /* PetsViewController.swift in Sources */,
				94E41D8F22513786006BD06B /* PetService.swift in Sources */,
				9403C3452253E006002D86C5 /* PetInfoViewController.swift in Sources */,
				94A2C5C3233D7D3900B6E294 /* SearchViewController.swift in Sources */,
				9420BC552255390F002801C1 /* AppNavigator.swift in Sources */,
				9420BE9022556EE0002801C1 /* PetOwnerInfoViewController.swift in Sources */,
				94A2C5C2233D7D3900B6E294 /* ModalAlertViewController.swift in Sources */,
				9420BE8722554E41002801C1 /* PetOwnerModel.swift in Sources */,
			);
			runOnlyForDeploymentPostprocessing = 0;
		};
/* End PBXSourcesBuildPhase section */

/* Begin PBXTargetDependency section */
		94B520FE225D3BC3000BFE42 /* PBXTargetDependency */ = {
			isa = PBXTargetDependency;
			target = 94E41D3622513110006BD06B /* Vets And Pets */;
			targetProxy = 94B520FD225D3BC3000BFE42 /* PBXContainerItemProxy */;
		};
/* End PBXTargetDependency section */

/* Begin XCBuildConfiguration section */
		94B520FF225D3BC3000BFE42 /* Debug */ = {
			isa = XCBuildConfiguration;
			buildSettings = {
				BUNDLE_LOADER = "$(TEST_HOST)";
				CODE_SIGN_STYLE = Automatic;
				DEVELOPMENT_TEAM = BGR2CU5KFK;
				INFOPLIST_FILE = "Vets And Pets Tests/Info.plist";
				LD_RUNPATH_SEARCH_PATHS = (
					"$(inherited)",
					"@executable_path/Frameworks",
					"@loader_path/Frameworks",
				);
				PRODUCT_BUNDLE_IDENTIFIER = "blacklabs.Vets-And-Pets-Tests";
				PRODUCT_NAME = "$(TARGET_NAME)";
				SWIFT_VERSION = 5.0;
				TARGETED_DEVICE_FAMILY = "1,2";
				TEST_HOST = "$(BUILT_PRODUCTS_DIR)/Vets And Pets.app/Vets And Pets";
			};
			name = Debug;
		};
		94B52100225D3BC3000BFE42 /* Release */ = {
			isa = XCBuildConfiguration;
			buildSettings = {
				BUNDLE_LOADER = "$(TEST_HOST)";
				CODE_SIGN_STYLE = Automatic;
				DEVELOPMENT_TEAM = BGR2CU5KFK;
				INFOPLIST_FILE = "Vets And Pets Tests/Info.plist";
				LD_RUNPATH_SEARCH_PATHS = (
					"$(inherited)",
					"@executable_path/Frameworks",
					"@loader_path/Frameworks",
				);
				PRODUCT_BUNDLE_IDENTIFIER = "blacklabs.Vets-And-Pets-Tests";
				PRODUCT_NAME = "$(TARGET_NAME)";
				SWIFT_VERSION = 5.0;
				TARGETED_DEVICE_FAMILY = "1,2";
				TEST_HOST = "$(BUILT_PRODUCTS_DIR)/Vets And Pets.app/Vets And Pets";
			};
			name = Release;
		};
		94E41D4722513112006BD06B /* Debug */ = {
			isa = XCBuildConfiguration;
			buildSettings = {
				ALWAYS_SEARCH_USER_PATHS = NO;
				CLANG_ANALYZER_NONNULL = YES;
				CLANG_ANALYZER_NUMBER_OBJECT_CONVERSION = YES_AGGRESSIVE;
				CLANG_CXX_LANGUAGE_STANDARD = "gnu++14";
				CLANG_CXX_LIBRARY = "libc++";
				CLANG_ENABLE_MODULES = YES;
				CLANG_ENABLE_OBJC_ARC = YES;
				CLANG_ENABLE_OBJC_WEAK = YES;
				CLANG_WARN_BLOCK_CAPTURE_AUTORELEASING = YES;
				CLANG_WARN_BOOL_CONVERSION = YES;
				CLANG_WARN_COMMA = YES;
				CLANG_WARN_CONSTANT_CONVERSION = YES;
				CLANG_WARN_DEPRECATED_OBJC_IMPLEMENTATIONS = YES;
				CLANG_WARN_DIRECT_OBJC_ISA_USAGE = YES_ERROR;
				CLANG_WARN_DOCUMENTATION_COMMENTS = YES;
				CLANG_WARN_EMPTY_BODY = YES;
				CLANG_WARN_ENUM_CONVERSION = YES;
				CLANG_WARN_INFINITE_RECURSION = YES;
				CLANG_WARN_INT_CONVERSION = YES;
				CLANG_WARN_NON_LITERAL_NULL_CONVERSION = YES;
				CLANG_WARN_OBJC_IMPLICIT_RETAIN_SELF = YES;
				CLANG_WARN_OBJC_LITERAL_CONVERSION = YES;
				CLANG_WARN_OBJC_ROOT_CLASS = YES_ERROR;
				CLANG_WARN_RANGE_LOOP_ANALYSIS = YES;
				CLANG_WARN_STRICT_PROTOTYPES = YES;
				CLANG_WARN_SUSPICIOUS_MOVE = YES;
				CLANG_WARN_UNGUARDED_AVAILABILITY = YES_AGGRESSIVE;
				CLANG_WARN_UNREACHABLE_CODE = YES;
				CLANG_WARN__DUPLICATE_METHOD_MATCH = YES;
				CODE_SIGN_IDENTITY = "iPhone Developer";
				COPY_PHASE_STRIP = NO;
				DEBUG_INFORMATION_FORMAT = dwarf;
				ENABLE_STRICT_OBJC_MSGSEND = YES;
				ENABLE_TESTABILITY = YES;
				GCC_C_LANGUAGE_STANDARD = gnu11;
				GCC_DYNAMIC_NO_PIC = NO;
				GCC_NO_COMMON_BLOCKS = YES;
				GCC_OPTIMIZATION_LEVEL = 0;
				GCC_PREPROCESSOR_DEFINITIONS = (
					"DEBUG=1",
					"$(inherited)",
				);
				GCC_WARN_64_TO_32_BIT_CONVERSION = YES;
				GCC_WARN_ABOUT_RETURN_TYPE = YES_ERROR;
				GCC_WARN_UNDECLARED_SELECTOR = YES;
				GCC_WARN_UNINITIALIZED_AUTOS = YES_AGGRESSIVE;
				GCC_WARN_UNUSED_FUNCTION = YES;
				GCC_WARN_UNUSED_VARIABLE = YES;
				IPHONEOS_DEPLOYMENT_TARGET = 12.2;
				MTL_ENABLE_DEBUG_INFO = INCLUDE_SOURCE;
				MTL_FAST_MATH = YES;
				ONLY_ACTIVE_ARCH = YES;
				SDKROOT = iphoneos;
				SWIFT_ACTIVE_COMPILATION_CONDITIONS = DEBUG;
				SWIFT_OPTIMIZATION_LEVEL = "-Onone";
			};
			name = Debug;
		};
		94E41D4822513112006BD06B /* Release */ = {
			isa = XCBuildConfiguration;
			buildSettings = {
				ALWAYS_SEARCH_USER_PATHS = NO;
				CLANG_ANALYZER_NONNULL = YES;
				CLANG_ANALYZER_NUMBER_OBJECT_CONVERSION = YES_AGGRESSIVE;
				CLANG_CXX_LANGUAGE_STANDARD = "gnu++14";
				CLANG_CXX_LIBRARY = "libc++";
				CLANG_ENABLE_MODULES = YES;
				CLANG_ENABLE_OBJC_ARC = YES;
				CLANG_ENABLE_OBJC_WEAK = YES;
				CLANG_WARN_BLOCK_CAPTURE_AUTORELEASING = YES;
				CLANG_WARN_BOOL_CONVERSION = YES;
				CLANG_WARN_COMMA = YES;
				CLANG_WARN_CONSTANT_CONVERSION = YES;
				CLANG_WARN_DEPRECATED_OBJC_IMPLEMENTATIONS = YES;
				CLANG_WARN_DIRECT_OBJC_ISA_USAGE = YES_ERROR;
				CLANG_WARN_DOCUMENTATION_COMMENTS = YES;
				CLANG_WARN_EMPTY_BODY = YES;
				CLANG_WARN_ENUM_CONVERSION = YES;
				CLANG_WARN_INFINITE_RECURSION = YES;
				CLANG_WARN_INT_CONVERSION = YES;
				CLANG_WARN_NON_LITERAL_NULL_CONVERSION = YES;
				CLANG_WARN_OBJC_IMPLICIT_RETAIN_SELF = YES;
				CLANG_WARN_OBJC_LITERAL_CONVERSION = YES;
				CLANG_WARN_OBJC_ROOT_CLASS = YES_ERROR;
				CLANG_WARN_RANGE_LOOP_ANALYSIS = YES;
				CLANG_WARN_STRICT_PROTOTYPES = YES;
				CLANG_WARN_SUSPICIOUS_MOVE = YES;
				CLANG_WARN_UNGUARDED_AVAILABILITY = YES_AGGRESSIVE;
				CLANG_WARN_UNREACHABLE_CODE = YES;
				CLANG_WARN__DUPLICATE_METHOD_MATCH = YES;
				CODE_SIGN_IDENTITY = "iPhone Developer";
				COPY_PHASE_STRIP = NO;
				DEBUG_INFORMATION_FORMAT = "dwarf-with-dsym";
				ENABLE_NS_ASSERTIONS = NO;
				ENABLE_STRICT_OBJC_MSGSEND = YES;
				GCC_C_LANGUAGE_STANDARD = gnu11;
				GCC_NO_COMMON_BLOCKS = YES;
				GCC_WARN_64_TO_32_BIT_CONVERSION = YES;
				GCC_WARN_ABOUT_RETURN_TYPE = YES_ERROR;
				GCC_WARN_UNDECLARED_SELECTOR = YES;
				GCC_WARN_UNINITIALIZED_AUTOS = YES_AGGRESSIVE;
				GCC_WARN_UNUSED_FUNCTION = YES;
				GCC_WARN_UNUSED_VARIABLE = YES;
				IPHONEOS_DEPLOYMENT_TARGET = 12.2;
				MTL_ENABLE_DEBUG_INFO = NO;
				MTL_FAST_MATH = YES;
				SDKROOT = iphoneos;
				SWIFT_COMPILATION_MODE = wholemodule;
				SWIFT_OPTIMIZATION_LEVEL = "-O";
				VALIDATE_PRODUCT = YES;
			};
			name = Release;
		};
		94E41D4A22513112006BD06B /* Debug */ = {
			isa = XCBuildConfiguration;
			buildSettings = {
				ASSETCATALOG_COMPILER_APPICON_NAME = AppIcon;
				CODE_SIGN_STYLE = Automatic;
				DEVELOPMENT_TEAM = BGR2CU5KFK;
				INFOPLIST_FILE = VetsAndPets/Project/Info.plist;
				LD_RUNPATH_SEARCH_PATHS = (
					"$(inherited)",
					"@executable_path/Frameworks",
				);
				PRODUCT_BUNDLE_IDENTIFIER = blacklabs.VetsAndPets;
				PRODUCT_NAME = "$(TARGET_NAME)";
				SWIFT_VERSION = 5.0;
				TARGETED_DEVICE_FAMILY = "1,2";
			};
			name = Debug;
		};
		94E41D4B22513112006BD06B /* Release */ = {
			isa = XCBuildConfiguration;
			buildSettings = {
				ASSETCATALOG_COMPILER_APPICON_NAME = AppIcon;
				CODE_SIGN_STYLE = Automatic;
				DEVELOPMENT_TEAM = BGR2CU5KFK;
				INFOPLIST_FILE = VetsAndPets/Project/Info.plist;
				LD_RUNPATH_SEARCH_PATHS = (
					"$(inherited)",
					"@executable_path/Frameworks",
				);
				PRODUCT_BUNDLE_IDENTIFIER = blacklabs.VetsAndPets;
				PRODUCT_NAME = "$(TARGET_NAME)";
				SWIFT_VERSION = 5.0;
				TARGETED_DEVICE_FAMILY = "1,2";
			};
			name = Release;
		};
/* End XCBuildConfiguration section */

/* Begin XCConfigurationList section */
		94B52101225D3BC3000BFE42 /* Build configuration list for PBXNativeTarget "Vets And Pets Tests" */ = {
			isa = XCConfigurationList;
			buildConfigurations = (
				94B520FF225D3BC3000BFE42 /* Debug */,
				94B52100225D3BC3000BFE42 /* Release */,
			);
			defaultConfigurationIsVisible = 0;
			defaultConfigurationName = Release;
		};
		94E41D3222513110006BD06B /* Build configuration list for PBXProject "Vets And Pets" */ = {
			isa = XCConfigurationList;
			buildConfigurations = (
				94E41D4722513112006BD06B /* Debug */,
				94E41D4822513112006BD06B /* Release */,
			);
			defaultConfigurationIsVisible = 0;
			defaultConfigurationName = Release;
		};
		94E41D4922513112006BD06B /* Build configuration list for PBXNativeTarget "Vets And Pets" */ = {
			isa = XCConfigurationList;
			buildConfigurations = (
				94E41D4A22513112006BD06B /* Debug */,
				94E41D4B22513112006BD06B /* Release */,
			);
			defaultConfigurationIsVisible = 0;
			defaultConfigurationName = Release;
		};
/* End XCConfigurationList section */

/* Begin XCRemoteSwiftPackageReference section */
		94A2C5A9233D762000B6E294 /* XCRemoteSwiftPackageReference "BlackLabsData" */ = {
			isa = XCRemoteSwiftPackageReference;
			repositoryURL = "https://github.com/NormanBitSolace/BlackLabsData.git";
			requirement = {
				kind = upToNextMajorVersion;
				minimumVersion = 1.0.0;
			};
		};
		94A2C5AC233D770600B6E294 /* XCRemoteSwiftPackageReference "BlackLabsDate" */ = {
			isa = XCRemoteSwiftPackageReference;
			repositoryURL = "https://github.com/NormanBitSolace/BlackLabsDate.git";
			requirement = {
				kind = upToNextMajorVersion;
				minimumVersion = 1.0.0;
			};
		};
		94A2C5AF233D782B00B6E294 /* XCRemoteSwiftPackageReference "BlackLabsCGGeometery" */ = {
			isa = XCRemoteSwiftPackageReference;
			repositoryURL = "https://github.com/NormanBitSolace/BlackLabsCGGeometery.git";
			requirement = {
				kind = upToNextMajorVersion;
				minimumVersion = 1.0.0;
			};
		};
		94A2C5B6233D7A7B00B6E294 /* XCRemoteSwiftPackageReference "BlackLabsView" */ = {
			isa = XCRemoteSwiftPackageReference;
			repositoryURL = "https://github.com/NormanBitSolace/BlackLabsView";
			requirement = {
				kind = upToNextMajorVersion;
				minimumVersion = 1.0.0;
			};
		};
		94A2C5B9233D7AFD00B6E294 /* XCRemoteSwiftPackageReference "BlackLabsViewController" */ = {
			isa = XCRemoteSwiftPackageReference;
			repositoryURL = "https://github.com/NormanBitSolace/BlackLabsViewController.git";
			requirement = {
				kind = upToNextMajorVersion;
				minimumVersion = 1.0.2;
			};
		};
/* End XCRemoteSwiftPackageReference section */

/* Begin XCSwiftPackageProductDependency section */
		94A2C5AA233D762000B6E294 /* BlackLabsData */ = {
			isa = XCSwiftPackageProductDependency;
			package = 94A2C5A9233D762000B6E294 /* XCRemoteSwiftPackageReference "BlackLabsData" */;
			productName = BlackLabsData;
		};
		94A2C5AD233D770600B6E294 /* BlackLabsDate */ = {
			isa = XCSwiftPackageProductDependency;
			package = 94A2C5AC233D770600B6E294 /* XCRemoteSwiftPackageReference "BlackLabsDate" */;
			productName = BlackLabsDate;
		};
		94A2C5B0233D782B00B6E294 /* BlackLabsCGGeometery */ = {
			isa = XCSwiftPackageProductDependency;
			package = 94A2C5AF233D782B00B6E294 /* XCRemoteSwiftPackageReference "BlackLabsCGGeometery" */;
			productName = BlackLabsCGGeometery;
		};
		94A2C5B7233D7A7B00B6E294 /* BlackLabsView */ = {
			isa = XCSwiftPackageProductDependency;
			package = 94A2C5B6233D7A7B00B6E294 /* XCRemoteSwiftPackageReference "BlackLabsView" */;
			productName = BlackLabsView;
		};
		94A2C5BA233D7AFD00B6E294 /* BlackLabsViewController */ = {
			isa = XCSwiftPackageProductDependency;
			package = 94A2C5B9233D7AFD00B6E294 /* XCRemoteSwiftPackageReference "BlackLabsViewController" */;
			productName = BlackLabsViewController;
		};
/* End XCSwiftPackageProductDependency section */
	};
	rootObject = 94E41D2F22513110006BD06B /* Project object */;
}
